{
    "version": 3,
    "terraform_version": "0.8.5",
    "serial": 19,
    "lineage": "a8aac441-09a9-47a5-9e65-3cbebac0e881",
    "modules": [
        {
            "path": [
                "root"
            ],
            "outputs": {
                "aws_backing_service_cidr_all": {
                    "sensitive": false,
                    "type": "string",
                    "value": "10.0.52.0/22"
                },
                "cell1_subnet_id": {
                    "sensitive": false,
                    "type": "string",
                    "value": "subnet-7ce7ec0a"
                },
                "cell2_subnet_id": {
                    "sensitive": false,
                    "type": "string",
                    "value": "subnet-8b9ec8d3"
                },
                "cell3_subnet_id": {
                    "sensitive": false,
                    "type": "string",
                    "value": "subnet-7a5c491e"
                },
                "cell_subnet_cidr_blocks": {
                    "sensitive": false,
                    "type": "list",
                    "value": [
                        "10.0.32.0/24",
                        "10.0.33.0/24",
                        "10.0.34.0/24"
                    ]
                },
                "cf1_subnet_id": {
                    "sensitive": false,
                    "type": "string",
                    "value": "subnet-78e7ec0e"
                },
                "cf2_subnet_id": {
                    "sensitive": false,
                    "type": "string",
                    "value": "subnet-8d9ec8d5"
                },
                "cf3_subnet_id": {
                    "sensitive": false,
                    "type": "string",
                    "value": "subnet-795c491d"
                },
                "cf_apps_domain": {
                    "sensitive": false,
                    "type": "string",
                    "value": "alext.dev.cloudpipelineapps.digital"
                },
                "cf_cc_elb_name": {
                    "sensitive": false,
                    "type": "string",
                    "value": "alext-cf-cc"
                },
                "cf_db_address": {
                    "sensitive": false,
                    "type": "string",
                    "value": "alext-cf.colgoy4debsd.eu-west-1.rds.amazonaws.com"
                },
                "cf_doppler_elb_name": {
                    "sensitive": false,
                    "type": "string",
                    "value": "alext-cf-doppler"
                },
                "cf_loggregator_elb_name": {
                    "sensitive": false,
                    "type": "string",
                    "value": "alext-cf-loggregator"
                },
                "cf_rds_client_security_group": {
                    "sensitive": false,
                    "type": "string",
                    "value": "alext-cf-rds-client"
                },
                "cf_root_domain": {
                    "sensitive": false,
                    "type": "string",
                    "value": "alext.dev.cloudpipeline.digital"
                },
                "cf_router_elb_name": {
                    "sensitive": false,
                    "type": "string",
                    "value": "alext-cf-router"
                },
                "cf_ssh_proxy_elb_name": {
                    "sensitive": false,
                    "type": "string",
                    "value": "alext-ssh-proxy"
                },
                "cf_uaa_elb_name": {
                    "sensitive": false,
                    "type": "string",
                    "value": "alext-cf-uaa"
                },
                "cloud_controller_security_group": {
                    "sensitive": false,
                    "type": "string",
                    "value": "alext-cloud-controller"
                },
                "logsearch_elastic_master_elb_dns_name": {
                    "sensitive": false,
                    "type": "string",
                    "value": "internal-alext-logsearch-es-master-45371158.eu-west-1.elb.amazonaws.com"
                },
                "logsearch_elastic_master_elb_name": {
                    "sensitive": false,
                    "type": "string",
                    "value": "alext-logsearch-es-master"
                },
                "logsearch_elb_name": {
                    "sensitive": false,
                    "type": "string",
                    "value": "alext-logsearch-kibana"
                },
                "logsearch_ingestor_elb_dns_name": {
                    "sensitive": false,
                    "type": "string",
                    "value": "internal-alext-logsearch-ingestor-443544529.eu-west-1.elb.amazonaws.com"
                },
                "logsearch_ingestor_elb_name": {
                    "sensitive": false,
                    "type": "string",
                    "value": "alext-logsearch-ingestor"
                },
                "metrics_elb_name": {
                    "sensitive": false,
                    "type": "string",
                    "value": "alext-metrics"
                },
                "rds_broker_db_clients_security_group": {
                    "sensitive": false,
                    "type": "string",
                    "value": "alext-rds-broker-db-clients"
                },
                "rds_broker_dbs_security_group_id": {
                    "sensitive": false,
                    "type": "string",
                    "value": "sg-ca445cac"
                },
                "rds_broker_dbs_subnet_group": {
                    "sensitive": false,
                    "type": "string",
                    "value": "rdsbroker-alext"
                },
                "rds_broker_elb_dns_name": {
                    "sensitive": false,
                    "type": "string",
                    "value": "rds-broker.alext.dev.cloudpipeline.digital"
                },
                "rds_broker_elb_name": {
                    "sensitive": false,
                    "type": "string",
                    "value": "alext-rds-broker"
                },
                "rds_broker_postgres95_db_parameter_group": {
                    "sensitive": false,
                    "type": "string",
                    "value": "rdsbroker-postgres95-alext"
                },
                "router1_subnet_id": {
                    "sensitive": false,
                    "type": "string",
                    "value": "subnet-7ae7ec0c"
                },
                "router2_subnet_id": {
                    "sensitive": false,
                    "type": "string",
                    "value": "subnet-809ec8d8"
                },
                "router_subnet_cidr_blocks": {
                    "sensitive": false,
                    "type": "list",
                    "value": [
                        "10.0.48.0/24",
                        "10.0.49.0/24",
                        "10.0.50.0/24"
                    ]
                }
            },
            "resources": {
                "aws_app_cookie_stickiness_policy.cf_uaa": {
                    "type": "aws_app_cookie_stickiness_policy",
                    "depends_on": [
                        "aws_elb.cf_uaa"
                    ],
                    "primary": {
                        "id": "alext-cf-uaa:443:cf-uaa",
                        "attributes": {
                            "cookie_name": "JSESSIONID",
                            "id": "alext-cf-uaa:443:cf-uaa",
                            "lb_port": "443",
                            "load_balancer": "alext-cf-uaa",
                            "name": "cf-uaa"
                        },
                        "meta": {},
                        "tainted": false
                    },
                    "deposed": [],
                    "provider": ""
                },
                "aws_db_instance.cf": {
                    "type": "aws_db_instance",
                    "depends_on": [
                        "aws_db_parameter_group.cf_pg_9_5",
                        "aws_db_subnet_group.cf_rds",
                        "aws_security_group.cf_rds"
                    ],
                    "primary": {
                        "id": "alext-cf",
                        "attributes": {
                            "address": "alext-cf.colgoy4debsd.eu-west-1.rds.amazonaws.com",
                            "allocated_storage": "10",
                            "arn": "arn:aws:rds:eu-west-1:595665891067:db:alext-cf",
                            "auto_minor_version_upgrade": "false",
                            "availability_zone": "eu-west-1a",
                            "backup_retention_period": "0",
                            "backup_window": "02:00-03:00",
                            "copy_tags_to_snapshot": "false",
                            "db_subnet_group_name": "alext-cf",
                            "endpoint": "alext-cf.colgoy4debsd.eu-west-1.rds.amazonaws.com:5432",
                            "engine": "postgres",
                            "engine_version": "9.5.4",
                            "final_snapshot_identifier": "alext-cf-rds-final-snapshot",
                            "hosted_zone_id": "Z29XKXDKYMONMX",
                            "id": "alext-cf",
                            "identifier": "alext-cf",
                            "instance_class": "db.m3.medium",
                            "iops": "0",
                            "kms_key_id": "",
                            "license_model": "postgresql-license",
                            "maintenance_window": "mon:07:00-mon:08:00",
                            "monitoring_interval": "0",
                            "multi_az": "false",
                            "name": "",
                            "option_group_name": "default:postgres-9-5",
                            "parameter_group_name": "alext-pg95-cf",
                            "password": "p77443f9b9c3dd70e4a",
                            "port": "5432",
                            "publicly_accessible": "false",
                            "replicas.#": "0",
                            "replicate_source_db": "",
                            "security_group_names.#": "0",
                            "skip_final_snapshot": "true",
                            "status": "available",
                            "storage_encrypted": "false",
                            "storage_type": "gp2",
                            "tags.%": "1",
                            "tags.Name": "alext-cf",
                            "timezone": "",
                            "username": "dbadmin",
                            "vpc_security_group_ids.#": "1",
                            "vpc_security_group_ids.2827297788": "sg-cc445caa"
                        },
                        "meta": {},
                        "tainted": false
                    },
                    "deposed": [],
                    "provider": ""
                },
                "aws_db_parameter_group.cf_pg_9_5": {
                    "type": "aws_db_parameter_group",
                    "depends_on": [],
                    "primary": {
                        "id": "alext-pg95-cf",
                        "attributes": {
                            "arn": "arn:aws:rds:eu-west-1:595665891067:pg:alext-pg95-cf",
                            "description": "RDS CF Postgres 9.5 parameter group",
                            "family": "postgres9.5",
                            "id": "alext-pg95-cf",
                            "name": "alext-pg95-cf",
                            "parameter.#": "0",
                            "tags.%": "0"
                        },
                        "meta": {},
                        "tainted": false
                    },
                    "deposed": [],
                    "provider": ""
                },
                "aws_db_parameter_group.rds_broker_postgres95": {
                    "type": "aws_db_parameter_group",
                    "depends_on": [],
                    "primary": {
                        "id": "rdsbroker-postgres95-alext",
                        "attributes": {
                            "arn": "arn:aws:rds:eu-west-1:595665891067:pg:rdsbroker-postgres95-alext",
                            "description": "RDS Broker Postgres 9.5 parameter group",
                            "family": "postgres9.5",
                            "id": "rdsbroker-postgres95-alext",
                            "name": "rdsbroker-postgres95-alext",
                            "parameter.#": "1",
                            "parameter.2349693848.apply_method": "pending-reboot",
                            "parameter.2349693848.name": "rds.force_ssl",
                            "parameter.2349693848.value": "1",
                            "tags.%": "0"
                        },
                        "meta": {},
                        "tainted": false
                    },
                    "deposed": [],
                    "provider": ""
                },
                "aws_db_subnet_group.cf_rds": {
                    "type": "aws_db_subnet_group",
                    "depends_on": [],
                    "primary": {
                        "id": "alext-cf",
                        "attributes": {
                            "arn": "arn:aws:rds:eu-west-1:595665891067:subgrp:alext-cf",
                            "description": "Subnet group for CF RDS",
                            "id": "alext-cf",
                            "name": "alext-cf",
                            "subnet_ids.#": "3",
                            "subnet_ids.1879182592": "subnet-03b5bf67",
                            "subnet_ids.1927738433": "subnet-79693f21",
                            "subnet_ids.4122434386": "subnet-09eae17f",
                            "tags.%": "1",
                            "tags.Name": "alext-cf-rds"
                        },
                        "meta": {},
                        "tainted": false
                    },
                    "deposed": [],
                    "provider": ""
                },
                "aws_db_subnet_group.rds_broker": {
                    "type": "aws_db_subnet_group",
                    "depends_on": [
                        "aws_subnet.aws_backing_services"
                    ],
                    "primary": {
                        "id": "rdsbroker-alext",
                        "attributes": {
                            "arn": "arn:aws:rds:eu-west-1:595665891067:subgrp:rdsbroker-alext",
                            "description": "Subnet group for RDS broker managed instances",
                            "id": "rdsbroker-alext",
                            "name": "rdsbroker-alext",
                            "subnet_ids.#": "3",
                            "subnet_ids.2810501208": "subnet-7be7ec0d",
                            "subnet_ids.292733518": "subnet-8c9ec8d4",
                            "subnet_ids.3837351428": "subnet-445c4920",
                            "tags.%": "1",
                            "tags.Name": "rdsbroker-alext"
                        },
                        "meta": {},
                        "tainted": false
                    },
                    "deposed": [],
                    "provider": ""
                },
                "aws_eip.cf.0": {
                    "type": "aws_eip",
                    "depends_on": [],
                    "primary": {
                        "id": "eipalloc-5703e430",
                        "attributes": {
                            "association_id": "eipassoc-920762ea",
                            "domain": "vpc",
                            "id": "eipalloc-5703e430",
                            "instance": "",
                            "network_interface": "eni-c8767789",
                            "private_ip": "10.0.0.91",
                            "public_ip": "34.252.10.111",
                            "vpc": "true"
                        },
                        "meta": {},
                        "tainted": false
                    },
                    "deposed": [],
                    "provider": ""
                },
                "aws_eip.cf.1": {
                    "type": "aws_eip",
                    "depends_on": [],
                    "primary": {
                        "id": "eipalloc-610fe806",
                        "attributes": {
                            "association_id": "eipassoc-a80164d0",
                            "domain": "vpc",
                            "id": "eipalloc-610fe806",
                            "instance": "",
                            "network_interface": "eni-4eb0a01e",
                            "private_ip": "10.0.1.145",
                            "public_ip": "34.252.37.31",
                            "vpc": "true"
                        },
                        "meta": {},
                        "tainted": false
                    },
                    "deposed": [],
                    "provider": ""
                },
                "aws_eip.cf.2": {
                    "type": "aws_eip",
                    "depends_on": [],
                    "primary": {
                        "id": "eipalloc-4601e621",
                        "attributes": {
                            "association_id": "eipassoc-61046119",
                            "domain": "vpc",
                            "id": "eipalloc-4601e621",
                            "instance": "",
                            "network_interface": "eni-1182216e",
                            "private_ip": "10.0.2.99",
                            "public_ip": "34.249.205.246",
                            "vpc": "true"
                        },
                        "meta": {},
                        "tainted": false
                    },
                    "deposed": [],
                    "provider": ""
                },
                "aws_elb.cf_cc": {
                    "type": "aws_elb",
                    "depends_on": [
                        "aws_s3_bucket.elb_access_log",
                        "aws_security_group.cf_api_elb"
                    ],
                    "primary": {
                        "id": "alext-cf-cc",
                        "attributes": {
                            "access_logs.#": "1",
                            "access_logs.0.bucket": "gds-paas-alext-elb-access-log",
                            "access_logs.0.bucket_prefix": "cf-cc",
                            "access_logs.0.enabled": "true",
                            "access_logs.0.interval": "5",
                            "availability_zones.#": "3",
                            "availability_zones.1924028850": "eu-west-1b",
                            "availability_zones.3953592328": "eu-west-1a",
                            "availability_zones.94988580": "eu-west-1c",
                            "connection_draining": "false",
                            "connection_draining_timeout": "300",
                            "cross_zone_load_balancing": "true",
                            "dns_name": "alext-cf-cc-1152008214.eu-west-1.elb.amazonaws.com",
                            "health_check.#": "1",
                            "health_check.0.healthy_threshold": "2",
                            "health_check.0.interval": "5",
                            "health_check.0.target": "HTTP:9022/info",
                            "health_check.0.timeout": "2",
                            "health_check.0.unhealthy_threshold": "2",
                            "id": "alext-cf-cc",
                            "idle_timeout": "300",
                            "instances.#": "2",
                            "instances.273311955": "i-0da23dfcc6973b355",
                            "instances.989785227": "i-0f7f4826e32663e2c",
                            "internal": "false",
                            "listener.#": "1",
                            "listener.113966146.instance_port": "9022",
                            "listener.113966146.instance_protocol": "http",
                            "listener.113966146.lb_port": "443",
                            "listener.113966146.lb_protocol": "https",
                            "listener.113966146.ssl_certificate_id": "arn:aws:iam::595665891067:server-certificate/cloudfront/alext-system-domain/alext-system-domain-00dcf5738cddb68902b71d94c9",
                            "name": "alext-cf-cc",
                            "security_groups.#": "1",
                            "security_groups.2974023846": "sg-c9445caf",
                            "source_security_group": "595665891067/alext-cf-api-elb",
                            "source_security_group_id": "sg-c9445caf",
                            "subnets.#": "3",
                            "subnets.1879182592": "subnet-03b5bf67",
                            "subnets.1927738433": "subnet-79693f21",
                            "subnets.4122434386": "subnet-09eae17f",
                            "tags.%": "0",
                            "zone_id": "Z32O12XQLNTSW2"
                        },
                        "meta": {},
                        "tainted": false
                    },
                    "deposed": [],
                    "provider": ""
                },
                "aws_elb.cf_doppler": {
                    "type": "aws_elb",
                    "depends_on": [
                        "aws_s3_bucket.elb_access_log",
                        "aws_security_group.cf_api_elb"
                    ],
                    "primary": {
                        "id": "alext-cf-doppler",
                        "attributes": {
                            "access_logs.#": "1",
                            "access_logs.0.bucket": "gds-paas-alext-elb-access-log",
                            "access_logs.0.bucket_prefix": "cf-doppler",
                            "access_logs.0.enabled": "true",
                            "access_logs.0.interval": "5",
                            "availability_zones.#": "3",
                            "availability_zones.1924028850": "eu-west-1b",
                            "availability_zones.3953592328": "eu-west-1a",
                            "availability_zones.94988580": "eu-west-1c",
                            "connection_draining": "false",
                            "connection_draining_timeout": "300",
                            "cross_zone_load_balancing": "true",
                            "dns_name": "alext-cf-doppler-700307962.eu-west-1.elb.amazonaws.com",
                            "health_check.#": "1",
                            "health_check.0.healthy_threshold": "2",
                            "health_check.0.interval": "5",
                            "health_check.0.target": "TCP:8081",
                            "health_check.0.timeout": "2",
                            "health_check.0.unhealthy_threshold": "2",
                            "id": "alext-cf-doppler",
                            "idle_timeout": "300",
                            "instances.#": "2",
                            "instances.1409175137": "i-085c24236ac998b60",
                            "instances.2241426973": "i-0844cfeb637651403",
                            "internal": "false",
                            "listener.#": "1",
                            "listener.3716839147.instance_port": "8081",
                            "listener.3716839147.instance_protocol": "tcp",
                            "listener.3716839147.lb_port": "443",
                            "listener.3716839147.lb_protocol": "ssl",
                            "listener.3716839147.ssl_certificate_id": "arn:aws:iam::595665891067:server-certificate/cloudfront/alext-system-domain/alext-system-domain-00dcf5738cddb68902b71d94c9",
                            "name": "alext-cf-doppler",
                            "security_groups.#": "1",
                            "security_groups.2974023846": "sg-c9445caf",
                            "source_security_group": "595665891067/alext-cf-api-elb",
                            "source_security_group_id": "sg-c9445caf",
                            "subnets.#": "3",
                            "subnets.1879182592": "subnet-03b5bf67",
                            "subnets.1927738433": "subnet-79693f21",
                            "subnets.4122434386": "subnet-09eae17f",
                            "tags.%": "0",
                            "zone_id": "Z32O12XQLNTSW2"
                        },
                        "meta": {},
                        "tainted": false
                    },
                    "deposed": [],
                    "provider": ""
                },
                "aws_elb.cf_loggregator": {
                    "type": "aws_elb",
                    "depends_on": [
                        "aws_s3_bucket.elb_access_log",
                        "aws_security_group.cf_api_elb"
                    ],
                    "primary": {
                        "id": "alext-cf-loggregator",
                        "attributes": {
                            "access_logs.#": "1",
                            "access_logs.0.bucket": "gds-paas-alext-elb-access-log",
                            "access_logs.0.bucket_prefix": "cf-loggregator",
                            "access_logs.0.enabled": "true",
                            "access_logs.0.interval": "5",
                            "availability_zones.#": "3",
                            "availability_zones.1924028850": "eu-west-1b",
                            "availability_zones.3953592328": "eu-west-1a",
                            "availability_zones.94988580": "eu-west-1c",
                            "connection_draining": "false",
                            "connection_draining_timeout": "300",
                            "cross_zone_load_balancing": "true",
                            "dns_name": "alext-cf-loggregator-1750242113.eu-west-1.elb.amazonaws.com",
                            "health_check.#": "1",
                            "health_check.0.healthy_threshold": "2",
                            "health_check.0.interval": "5",
                            "health_check.0.target": "TCP:8080",
                            "health_check.0.timeout": "2",
                            "health_check.0.unhealthy_threshold": "2",
                            "id": "alext-cf-loggregator",
                            "idle_timeout": "300",
                            "instances.#": "2",
                            "instances.1409175137": "i-085c24236ac998b60",
                            "instances.2241426973": "i-0844cfeb637651403",
                            "internal": "false",
                            "listener.#": "1",
                            "listener.1835380705.instance_port": "8080",
                            "listener.1835380705.instance_protocol": "tcp",
                            "listener.1835380705.lb_port": "443",
                            "listener.1835380705.lb_protocol": "ssl",
                            "listener.1835380705.ssl_certificate_id": "arn:aws:iam::595665891067:server-certificate/cloudfront/alext-system-domain/alext-system-domain-00dcf5738cddb68902b71d94c9",
                            "name": "alext-cf-loggregator",
                            "security_groups.#": "1",
                            "security_groups.2974023846": "sg-c9445caf",
                            "source_security_group": "595665891067/alext-cf-api-elb",
                            "source_security_group_id": "sg-c9445caf",
                            "subnets.#": "3",
                            "subnets.1879182592": "subnet-03b5bf67",
                            "subnets.1927738433": "subnet-79693f21",
                            "subnets.4122434386": "subnet-09eae17f",
                            "tags.%": "0",
                            "zone_id": "Z32O12XQLNTSW2"
                        },
                        "meta": {},
                        "tainted": false
                    },
                    "deposed": [],
                    "provider": ""
                },
                "aws_elb.cf_router": {
                    "type": "aws_elb",
                    "depends_on": [
                        "aws_s3_bucket.elb_access_log",
                        "aws_security_group.pingdom-probes-0",
                        "aws_security_group.pingdom-probes-1",
                        "aws_security_group.pingdom-probes-2",
                        "aws_security_group.pingdom-probes-3",
                        "aws_security_group.web"
                    ],
                    "primary": {
                        "id": "alext-cf-router",
                        "attributes": {
                            "access_logs.#": "1",
                            "access_logs.0.bucket": "gds-paas-alext-elb-access-log",
                            "access_logs.0.bucket_prefix": "cf-router",
                            "access_logs.0.enabled": "true",
                            "access_logs.0.interval": "5",
                            "availability_zones.#": "3",
                            "availability_zones.1924028850": "eu-west-1b",
                            "availability_zones.3953592328": "eu-west-1a",
                            "availability_zones.94988580": "eu-west-1c",
                            "connection_draining": "false",
                            "connection_draining_timeout": "300",
                            "cross_zone_load_balancing": "true",
                            "dns_name": "alext-cf-router-1999642018.eu-west-1.elb.amazonaws.com",
                            "health_check.#": "1",
                            "health_check.0.healthy_threshold": "2",
                            "health_check.0.interval": "5",
                            "health_check.0.target": "HTTP:82/",
                            "health_check.0.timeout": "2",
                            "health_check.0.unhealthy_threshold": "2",
                            "id": "alext-cf-router",
                            "idle_timeout": "300",
                            "instances.#": "2",
                            "instances.2347670657": "i-0980e10eeefc158cb",
                            "instances.3938936062": "i-037e0adc60d51cbc7",
                            "internal": "false",
                            "listener.#": "1",
                            "listener.2099587056.instance_port": "443",
                            "listener.2099587056.instance_protocol": "ssl",
                            "listener.2099587056.lb_port": "443",
                            "listener.2099587056.lb_protocol": "ssl",
                            "listener.2099587056.ssl_certificate_id": "arn:aws:iam::595665891067:server-certificate/cloudfront/alext-apps-domain/alext-apps-domain-00dcf5738cddb68902b71d94c8",
                            "name": "alext-cf-router",
                            "security_groups.#": "5",
                            "security_groups.2123947207": "sg-cb445cad",
                            "security_groups.2449996484": "sg-fc445c9a",
                            "security_groups.2777615525": "sg-ff445c99",
                            "security_groups.3163944075": "sg-c4445ca2",
                            "security_groups.3881197478": "sg-c3445ca5",
                            "source_security_group": "595665891067/alext-cf-pingdom-probes-1",
                            "source_security_group_id": "sg-fc445c9a",
                            "subnets.#": "3",
                            "subnets.1879182592": "subnet-03b5bf67",
                            "subnets.1927738433": "subnet-79693f21",
                            "subnets.4122434386": "subnet-09eae17f",
                            "tags.%": "0",
                            "zone_id": "Z32O12XQLNTSW2"
                        },
                        "meta": {},
                        "tainted": false
                    },
                    "deposed": [],
                    "provider": ""
                },
                "aws_elb.cf_uaa": {
                    "type": "aws_elb",
                    "depends_on": [
                        "aws_s3_bucket.elb_access_log",
                        "aws_security_group.cf_api_elb"
                    ],
                    "primary": {
                        "id": "alext-cf-uaa",
                        "attributes": {
                            "access_logs.#": "1",
                            "access_logs.0.bucket": "gds-paas-alext-elb-access-log",
                            "access_logs.0.bucket_prefix": "cf-uaa",
                            "access_logs.0.enabled": "true",
                            "access_logs.0.interval": "5",
                            "availability_zones.#": "3",
                            "availability_zones.1924028850": "eu-west-1b",
                            "availability_zones.3953592328": "eu-west-1a",
                            "availability_zones.94988580": "eu-west-1c",
                            "connection_draining": "false",
                            "connection_draining_timeout": "300",
                            "cross_zone_load_balancing": "true",
                            "dns_name": "alext-cf-uaa-184307311.eu-west-1.elb.amazonaws.com",
                            "health_check.#": "1",
                            "health_check.0.healthy_threshold": "2",
                            "health_check.0.interval": "5",
                            "health_check.0.target": "HTTP:8080/healthz",
                            "health_check.0.timeout": "2",
                            "health_check.0.unhealthy_threshold": "2",
                            "id": "alext-cf-uaa",
                            "idle_timeout": "19",
                            "instances.#": "2",
                            "instances.1472253706": "i-05ca70faa5a51da06",
                            "instances.211930596": "i-0ee62475918a8936d",
                            "internal": "false",
                            "listener.#": "1",
                            "listener.2329805.instance_port": "8080",
                            "listener.2329805.instance_protocol": "http",
                            "listener.2329805.lb_port": "443",
                            "listener.2329805.lb_protocol": "https",
                            "listener.2329805.ssl_certificate_id": "arn:aws:iam::595665891067:server-certificate/cloudfront/alext-system-domain/alext-system-domain-00dcf5738cddb68902b71d94c9",
                            "name": "alext-cf-uaa",
                            "security_groups.#": "1",
                            "security_groups.2974023846": "sg-c9445caf",
                            "source_security_group": "595665891067/alext-cf-api-elb",
                            "source_security_group_id": "sg-c9445caf",
                            "subnets.#": "3",
                            "subnets.1879182592": "subnet-03b5bf67",
                            "subnets.1927738433": "subnet-79693f21",
                            "subnets.4122434386": "subnet-09eae17f",
                            "tags.%": "0",
                            "zone_id": "Z32O12XQLNTSW2"
                        },
                        "meta": {},
                        "tainted": false
                    },
                    "deposed": [],
                    "provider": ""
                },
                "aws_elb.logsearch_es_master": {
                    "type": "aws_elb",
                    "depends_on": [
                        "aws_security_group.logsearch_elastic_master_elb"
                    ],
                    "primary": {
                        "id": "alext-logsearch-es-master",
                        "attributes": {
                            "access_logs.#": "0",
                            "availability_zones.#": "3",
                            "availability_zones.1924028850": "eu-west-1b",
                            "availability_zones.3953592328": "eu-west-1a",
                            "availability_zones.94988580": "eu-west-1c",
                            "connection_draining": "false",
                            "connection_draining_timeout": "300",
                            "cross_zone_load_balancing": "true",
                            "dns_name": "internal-alext-logsearch-es-master-45371158.eu-west-1.elb.amazonaws.com",
                            "health_check.#": "1",
                            "health_check.0.healthy_threshold": "2",
                            "health_check.0.interval": "5",
                            "health_check.0.target": "TCP:9200",
                            "health_check.0.timeout": "2",
                            "health_check.0.unhealthy_threshold": "2",
                            "id": "alext-logsearch-es-master",
                            "idle_timeout": "300",
                            "instances.#": "3",
                            "instances.1707182306": "i-0e41fea3d91c03a6a",
                            "instances.3408993170": "i-04604f17a3212d828",
                            "instances.763455381": "i-01f5d519e2a94cac9",
                            "internal": "true",
                            "listener.#": "1",
                            "listener.3294440530.instance_port": "9200",
                            "listener.3294440530.instance_protocol": "tcp",
                            "listener.3294440530.lb_port": "9200",
                            "listener.3294440530.lb_protocol": "tcp",
                            "listener.3294440530.ssl_certificate_id": "",
                            "name": "alext-logsearch-es-master",
                            "security_groups.#": "1",
                            "security_groups.3305407630": "sg-c6445ca0",
                            "source_security_group": "595665891067/alext-logsearch-elastic-master-elb",
                            "source_security_group_id": "sg-c6445ca0",
                            "subnets.#": "3",
                            "subnets.1879182592": "subnet-03b5bf67",
                            "subnets.1927738433": "subnet-79693f21",
                            "subnets.4122434386": "subnet-09eae17f",
                            "tags.%": "0",
                            "zone_id": "Z32O12XQLNTSW2"
                        },
                        "meta": {},
                        "tainted": false
                    },
                    "deposed": [],
                    "provider": ""
                },
                "aws_elb.logsearch_ingestor": {
                    "type": "aws_elb",
                    "depends_on": [
                        "aws_security_group.logsearch_ingestor_elb_ssl"
                    ],
                    "primary": {
                        "id": "alext-logsearch-ingestor",
                        "attributes": {
                            "access_logs.#": "0",
                            "availability_zones.#": "3",
                            "availability_zones.1924028850": "eu-west-1b",
                            "availability_zones.3953592328": "eu-west-1a",
                            "availability_zones.94988580": "eu-west-1c",
                            "connection_draining": "false",
                            "connection_draining_timeout": "300",
                            "cross_zone_load_balancing": "true",
                            "dns_name": "internal-alext-logsearch-ingestor-443544529.eu-west-1.elb.amazonaws.com",
                            "health_check.#": "1",
                            "health_check.0.healthy_threshold": "2",
                            "health_check.0.interval": "5",
                            "health_check.0.target": "TCP:5514",
                            "health_check.0.timeout": "2",
                            "health_check.0.unhealthy_threshold": "2",
                            "id": "alext-logsearch-ingestor",
                            "idle_timeout": "300",
                            "instances.#": "2",
                            "instances.1261393809": "i-08dfef9119ae9ed8b",
                            "instances.56259140": "i-07d85cee86bcf60d5",
                            "internal": "true",
                            "listener.#": "1",
                            "listener.162861065.instance_port": "5514",
                            "listener.162861065.instance_protocol": "tcp",
                            "listener.162861065.lb_port": "6514",
                            "listener.162861065.lb_protocol": "ssl",
                            "listener.162861065.ssl_certificate_id": "arn:aws:iam::595665891067:server-certificate/cloudfront/alext-system-domain/alext-system-domain-00dcf5738cddb68902b71d94c9",
                            "name": "alext-logsearch-ingestor",
                            "security_groups.#": "1",
                            "security_groups.1142556159": "sg-fb445c9d",
                            "source_security_group": "595665891067/alext-logsearch-ingestor-elb-ssl",
                            "source_security_group_id": "sg-fb445c9d",
                            "subnets.#": "3",
                            "subnets.1879182592": "subnet-03b5bf67",
                            "subnets.1927738433": "subnet-79693f21",
                            "subnets.4122434386": "subnet-09eae17f",
                            "tags.%": "0",
                            "zone_id": "Z32O12XQLNTSW2"
                        },
                        "meta": {},
                        "tainted": false
                    },
                    "deposed": [],
                    "provider": ""
                },
                "aws_elb.logsearch_kibana": {
                    "type": "aws_elb",
                    "depends_on": [
                        "aws_security_group.logsearch_elb"
                    ],
                    "primary": {
                        "id": "alext-logsearch-kibana",
                        "attributes": {
                            "access_logs.#": "0",
                            "availability_zones.#": "3",
                            "availability_zones.1924028850": "eu-west-1b",
                            "availability_zones.3953592328": "eu-west-1a",
                            "availability_zones.94988580": "eu-west-1c",
                            "connection_draining": "false",
                            "connection_draining_timeout": "300",
                            "cross_zone_load_balancing": "true",
                            "dns_name": "alext-logsearch-kibana-1299279325.eu-west-1.elb.amazonaws.com",
                            "health_check.#": "1",
                            "health_check.0.healthy_threshold": "2",
                            "health_check.0.interval": "5",
                            "health_check.0.target": "TCP:5602",
                            "health_check.0.timeout": "2",
                            "health_check.0.unhealthy_threshold": "2",
                            "id": "alext-logsearch-kibana",
                            "idle_timeout": "300",
                            "instances.#": "1",
                            "instances.792224572": "i-01b3b000da83aba08",
                            "internal": "false",
                            "listener.#": "1",
                            "listener.2089591616.instance_port": "5602",
                            "listener.2089591616.instance_protocol": "tcp",
                            "listener.2089591616.lb_port": "443",
                            "listener.2089591616.lb_protocol": "ssl",
                            "listener.2089591616.ssl_certificate_id": "arn:aws:iam::595665891067:server-certificate/cloudfront/alext-system-domain/alext-system-domain-00dcf5738cddb68902b71d94c9",
                            "name": "alext-logsearch-kibana",
                            "security_groups.#": "1",
                            "security_groups.343195564": "sg-c7445ca1",
                            "source_security_group": "595665891067/alext-logsearch",
                            "source_security_group_id": "sg-c7445ca1",
                            "subnets.#": "3",
                            "subnets.1879182592": "subnet-03b5bf67",
                            "subnets.1927738433": "subnet-79693f21",
                            "subnets.4122434386": "subnet-09eae17f",
                            "tags.%": "0",
                            "zone_id": "Z32O12XQLNTSW2"
                        },
                        "meta": {},
                        "tainted": false
                    },
                    "deposed": [],
                    "provider": ""
                },
                "aws_elb.metrics": {
                    "type": "aws_elb",
                    "depends_on": [
                        "aws_security_group.metrics_elb"
                    ],
                    "primary": {
                        "id": "alext-metrics",
                        "attributes": {
                            "access_logs.#": "0",
                            "availability_zones.#": "3",
                            "availability_zones.1924028850": "eu-west-1b",
                            "availability_zones.3953592328": "eu-west-1a",
                            "availability_zones.94988580": "eu-west-1c",
                            "connection_draining": "false",
                            "connection_draining_timeout": "300",
                            "cross_zone_load_balancing": "true",
                            "dns_name": "alext-metrics-71760158.eu-west-1.elb.amazonaws.com",
                            "health_check.#": "1",
                            "health_check.0.healthy_threshold": "2",
                            "health_check.0.interval": "5",
                            "health_check.0.target": "TCP:3000",
                            "health_check.0.timeout": "2",
                            "health_check.0.unhealthy_threshold": "2",
                            "id": "alext-metrics",
                            "idle_timeout": "300",
                            "instances.#": "1",
                            "instances.943482743": "i-0253f74c4ae59d294",
                            "internal": "false",
                            "listener.#": "2",
                            "listener.1841539068.instance_port": "3000",
                            "listener.1841539068.instance_protocol": "tcp",
                            "listener.1841539068.lb_port": "443",
                            "listener.1841539068.lb_protocol": "ssl",
                            "listener.1841539068.ssl_certificate_id": "arn:aws:iam::595665891067:server-certificate/cloudfront/alext-system-domain/alext-system-domain-00dcf5738cddb68902b71d94c9",
                            "listener.3247935313.instance_port": "3001",
                            "listener.3247935313.instance_protocol": "tcp",
                            "listener.3247935313.lb_port": "3001",
                            "listener.3247935313.lb_protocol": "ssl",
                            "listener.3247935313.ssl_certificate_id": "arn:aws:iam::595665891067:server-certificate/cloudfront/alext-system-domain/alext-system-domain-00dcf5738cddb68902b71d94c9",
                            "name": "alext-metrics",
                            "security_groups.#": "1",
                            "security_groups.2663853987": "sg-c1445ca7",
                            "source_security_group": "595665891067/alext-metrics",
                            "source_security_group_id": "sg-c1445ca7",
                            "subnets.#": "3",
                            "subnets.1879182592": "subnet-03b5bf67",
                            "subnets.1927738433": "subnet-79693f21",
                            "subnets.4122434386": "subnet-09eae17f",
                            "tags.%": "0",
                            "zone_id": "Z32O12XQLNTSW2"
                        },
                        "meta": {},
                        "tainted": false
                    },
                    "deposed": [],
                    "provider": ""
                },
                "aws_elb.rds_broker": {
                    "type": "aws_elb",
                    "depends_on": [
                        "aws_security_group.service_brokers"
                    ],
                    "primary": {
                        "id": "alext-rds-broker",
                        "attributes": {
                            "access_logs.#": "0",
                            "availability_zones.#": "3",
                            "availability_zones.1924028850": "eu-west-1b",
                            "availability_zones.3953592328": "eu-west-1a",
                            "availability_zones.94988580": "eu-west-1c",
                            "connection_draining": "false",
                            "connection_draining_timeout": "300",
                            "cross_zone_load_balancing": "true",
                            "dns_name": "internal-alext-rds-broker-1233587564.eu-west-1.elb.amazonaws.com",
                            "health_check.#": "1",
                            "health_check.0.healthy_threshold": "2",
                            "health_check.0.interval": "5",
                            "health_check.0.target": "HTTP:80/healthcheck",
                            "health_check.0.timeout": "2",
                            "health_check.0.unhealthy_threshold": "2",
                            "id": "alext-rds-broker",
                            "idle_timeout": "300",
                            "instances.#": "2",
                            "instances.3559159232": "i-0f4de0f762bb7ad21",
                            "instances.848133180": "i-0a4127c354706f4b8",
                            "internal": "true",
                            "listener.#": "1",
                            "listener.423618351.instance_port": "80",
                            "listener.423618351.instance_protocol": "http",
                            "listener.423618351.lb_port": "443",
                            "listener.423618351.lb_protocol": "https",
                            "listener.423618351.ssl_certificate_id": "arn:aws:iam::595665891067:server-certificate/cloudfront/alext-system-domain/alext-system-domain-00dcf5738cddb68902b71d94c9",
                            "name": "alext-rds-broker",
                            "security_groups.#": "1",
                            "security_groups.2668483997": "sg-cf445ca9",
                            "source_security_group": "595665891067/alext-service-brokers",
                            "source_security_group_id": "sg-cf445ca9",
                            "subnets.#": "3",
                            "subnets.1879182592": "subnet-03b5bf67",
                            "subnets.1927738433": "subnet-79693f21",
                            "subnets.4122434386": "subnet-09eae17f",
                            "tags.%": "0",
                            "zone_id": "Z32O12XQLNTSW2"
                        },
                        "meta": {},
                        "tainted": false
                    },
                    "deposed": [],
                    "provider": ""
                },
                "aws_elb.ssh_proxy": {
                    "type": "aws_elb",
                    "depends_on": [
                        "aws_security_group.sshproxy"
                    ],
                    "primary": {
                        "id": "alext-ssh-proxy",
                        "attributes": {
                            "access_logs.#": "0",
                            "availability_zones.#": "3",
                            "availability_zones.1924028850": "eu-west-1b",
                            "availability_zones.3953592328": "eu-west-1a",
                            "availability_zones.94988580": "eu-west-1c",
                            "connection_draining": "false",
                            "connection_draining_timeout": "300",
                            "cross_zone_load_balancing": "true",
                            "dns_name": "alext-ssh-proxy-458793904.eu-west-1.elb.amazonaws.com",
                            "health_check.#": "1",
                            "health_check.0.healthy_threshold": "2",
                            "health_check.0.interval": "5",
                            "health_check.0.target": "TCP:2222",
                            "health_check.0.timeout": "2",
                            "health_check.0.unhealthy_threshold": "2",
                            "id": "alext-ssh-proxy",
                            "idle_timeout": "300",
                            "instances.#": "2",
                            "instances.1920616054": "i-0549a5a02de3096fc",
                            "instances.552176449": "i-0ab8fa8054a90ea27",
                            "internal": "false",
                            "listener.#": "1",
                            "listener.275574649.instance_port": "2222",
                            "listener.275574649.instance_protocol": "tcp",
                            "listener.275574649.lb_port": "2222",
                            "listener.275574649.lb_protocol": "tcp",
                            "listener.275574649.ssl_certificate_id": "",
                            "name": "alext-ssh-proxy",
                            "security_groups.#": "1",
                            "security_groups.1843777449": "sg-c5445ca3",
                            "source_security_group": "595665891067/alext-sshproxy-cf",
                            "source_security_group_id": "sg-c5445ca3",
                            "subnets.#": "3",
                            "subnets.1879182592": "subnet-03b5bf67",
                            "subnets.1927738433": "subnet-79693f21",
                            "subnets.4122434386": "subnet-09eae17f",
                            "tags.%": "0",
                            "zone_id": "Z32O12XQLNTSW2"
                        },
                        "meta": {},
                        "tainted": false
                    },
                    "deposed": [],
                    "provider": ""
                },
                "aws_lb_ssl_negotiation_policy.cf_cc": {
                    "type": "aws_lb_ssl_negotiation_policy",
                    "depends_on": [
                        "aws_elb.cf_cc"
                    ],
                    "primary": {
                        "id": "alext-cf-cc:443:paas-ELBSecurityPolicy-2016-08",
                        "attributes": {
                            "attribute.#": "1",
                            "attribute.1258578743.name": "Reference-Security-Policy",
                            "attribute.1258578743.value": "ELBSecurityPolicy-2016-08",
                            "id": "alext-cf-cc:443:paas-ELBSecurityPolicy-2016-08",
                            "lb_port": "443",
                            "load_balancer": "alext-cf-cc",
                            "name": "paas-ELBSecurityPolicy-2016-08"
                        },
                        "meta": {},
                        "tainted": false
                    },
                    "deposed": [],
                    "provider": ""
                },
                "aws_lb_ssl_negotiation_policy.cf_doppler": {
                    "type": "aws_lb_ssl_negotiation_policy",
                    "depends_on": [
                        "aws_elb.cf_doppler"
                    ],
                    "primary": {
                        "id": "alext-cf-doppler:443:paas-ELBSecurityPolicy-2016-08",
                        "attributes": {
                            "attribute.#": "1",
                            "attribute.1258578743.name": "Reference-Security-Policy",
                            "attribute.1258578743.value": "ELBSecurityPolicy-2016-08",
                            "id": "alext-cf-doppler:443:paas-ELBSecurityPolicy-2016-08",
                            "lb_port": "443",
                            "load_balancer": "alext-cf-doppler",
                            "name": "paas-ELBSecurityPolicy-2016-08"
                        },
                        "meta": {},
                        "tainted": false
                    },
                    "deposed": [],
                    "provider": ""
                },
                "aws_lb_ssl_negotiation_policy.cf_loggregator": {
                    "type": "aws_lb_ssl_negotiation_policy",
                    "depends_on": [
                        "aws_elb.cf_loggregator"
                    ],
                    "primary": {
                        "id": "alext-cf-loggregator:443:paas-ELBSecurityPolicy-2016-08",
                        "attributes": {
                            "attribute.#": "1",
                            "attribute.1258578743.name": "Reference-Security-Policy",
                            "attribute.1258578743.value": "ELBSecurityPolicy-2016-08",
                            "id": "alext-cf-loggregator:443:paas-ELBSecurityPolicy-2016-08",
                            "lb_port": "443",
                            "load_balancer": "alext-cf-loggregator",
                            "name": "paas-ELBSecurityPolicy-2016-08"
                        },
                        "meta": {},
                        "tainted": false
                    },
                    "deposed": [],
                    "provider": ""
                },
                "aws_lb_ssl_negotiation_policy.cf_router": {
                    "type": "aws_lb_ssl_negotiation_policy",
                    "depends_on": [
                        "aws_elb.cf_router"
                    ],
                    "primary": {
                        "id": "alext-cf-router:443:paas-ELBSecurityPolicy-2016-08",
                        "attributes": {
                            "attribute.#": "1",
                            "attribute.1258578743.name": "Reference-Security-Policy",
                            "attribute.1258578743.value": "ELBSecurityPolicy-2016-08",
                            "id": "alext-cf-router:443:paas-ELBSecurityPolicy-2016-08",
                            "lb_port": "443",
                            "load_balancer": "alext-cf-router",
                            "name": "paas-ELBSecurityPolicy-2016-08"
                        },
                        "meta": {},
                        "tainted": false
                    },
                    "deposed": [],
                    "provider": ""
                },
                "aws_lb_ssl_negotiation_policy.cf_uaa": {
                    "type": "aws_lb_ssl_negotiation_policy",
                    "depends_on": [
                        "aws_elb.cf_uaa"
                    ],
                    "primary": {
                        "id": "alext-cf-uaa:443:paas-ELBSecurityPolicy-2016-08",
                        "attributes": {
                            "attribute.#": "1",
                            "attribute.1258578743.name": "Reference-Security-Policy",
                            "attribute.1258578743.value": "ELBSecurityPolicy-2016-08",
                            "id": "alext-cf-uaa:443:paas-ELBSecurityPolicy-2016-08",
                            "lb_port": "443",
                            "load_balancer": "alext-cf-uaa",
                            "name": "paas-ELBSecurityPolicy-2016-08"
                        },
                        "meta": {},
                        "tainted": false
                    },
                    "deposed": [],
                    "provider": ""
                },
                "aws_lb_ssl_negotiation_policy.logsearch_kibana": {
                    "type": "aws_lb_ssl_negotiation_policy",
                    "depends_on": [
                        "aws_elb.logsearch_kibana"
                    ],
                    "primary": {
                        "id": "alext-logsearch-kibana:443:paas-ELBSecurityPolicy-2016-08",
                        "attributes": {
                            "attribute.#": "1",
                            "attribute.1258578743.name": "Reference-Security-Policy",
                            "attribute.1258578743.value": "ELBSecurityPolicy-2016-08",
                            "id": "alext-logsearch-kibana:443:paas-ELBSecurityPolicy-2016-08",
                            "lb_port": "443",
                            "load_balancer": "alext-logsearch-kibana",
                            "name": "paas-ELBSecurityPolicy-2016-08"
                        },
                        "meta": {},
                        "tainted": false
                    },
                    "deposed": [],
                    "provider": ""
                },
                "aws_lb_ssl_negotiation_policy.metrics_3001": {
                    "type": "aws_lb_ssl_negotiation_policy",
                    "depends_on": [
                        "aws_elb.metrics"
                    ],
                    "primary": {
                        "id": "alext-metrics:3001:paas-ELBSecurityPolicy-2016-08-3001",
                        "attributes": {
                            "attribute.#": "1",
                            "attribute.1258578743.name": "Reference-Security-Policy",
                            "attribute.1258578743.value": "ELBSecurityPolicy-2016-08",
                            "id": "alext-metrics:3001:paas-ELBSecurityPolicy-2016-08-3001",
                            "lb_port": "3001",
                            "load_balancer": "alext-metrics",
                            "name": "paas-ELBSecurityPolicy-2016-08-3001"
                        },
                        "meta": {},
                        "tainted": false
                    },
                    "deposed": [],
                    "provider": ""
                },
                "aws_lb_ssl_negotiation_policy.metrics_443": {
                    "type": "aws_lb_ssl_negotiation_policy",
                    "depends_on": [
                        "aws_elb.metrics"
                    ],
                    "primary": {
                        "id": "alext-metrics:443:paas-ELBSecurityPolicy-2016-08-443",
                        "attributes": {
                            "attribute.#": "1",
                            "attribute.1258578743.name": "Reference-Security-Policy",
                            "attribute.1258578743.value": "ELBSecurityPolicy-2016-08",
                            "id": "alext-metrics:443:paas-ELBSecurityPolicy-2016-08-443",
                            "lb_port": "443",
                            "load_balancer": "alext-metrics",
                            "name": "paas-ELBSecurityPolicy-2016-08-443"
                        },
                        "meta": {},
                        "tainted": false
                    },
                    "deposed": [],
                    "provider": ""
                },
                "aws_nat_gateway.cf.0": {
                    "type": "aws_nat_gateway",
                    "depends_on": [
                        "aws_eip.cf"
                    ],
                    "primary": {
                        "id": "nat-0a0be7662b0f85961",
                        "attributes": {
                            "allocation_id": "eipalloc-5703e430",
                            "id": "nat-0a0be7662b0f85961",
                            "network_interface_id": "eni-c8767789",
                            "private_ip": "10.0.0.91",
                            "public_ip": "34.252.10.111",
                            "subnet_id": "subnet-09eae17f"
                        },
                        "meta": {},
                        "tainted": false
                    },
                    "deposed": [],
                    "provider": ""
                },
                "aws_nat_gateway.cf.1": {
                    "type": "aws_nat_gateway",
                    "depends_on": [
                        "aws_eip.cf"
                    ],
                    "primary": {
                        "id": "nat-075e8b990934dcf08",
                        "attributes": {
                            "allocation_id": "eipalloc-610fe806",
                            "id": "nat-075e8b990934dcf08",
                            "network_interface_id": "eni-4eb0a01e",
                            "private_ip": "10.0.1.145",
                            "public_ip": "34.252.37.31",
                            "subnet_id": "subnet-79693f21"
                        },
                        "meta": {},
                        "tainted": false
                    },
                    "deposed": [],
                    "provider": ""
                },
                "aws_nat_gateway.cf.2": {
                    "type": "aws_nat_gateway",
                    "depends_on": [
                        "aws_eip.cf"
                    ],
                    "primary": {
                        "id": "nat-08a87678505fc2372",
                        "attributes": {
                            "allocation_id": "eipalloc-4601e621",
                            "id": "nat-08a87678505fc2372",
                            "network_interface_id": "eni-1182216e",
                            "private_ip": "10.0.2.99",
                            "public_ip": "34.249.205.246",
                            "subnet_id": "subnet-03b5bf67"
                        },
                        "meta": {},
                        "tainted": false
                    },
                    "deposed": [],
                    "provider": ""
                },
                "aws_proxy_protocol_policy.http_haproxy": {
                    "type": "aws_proxy_protocol_policy",
                    "depends_on": [
                        "aws_elb.cf_router"
                    ],
                    "primary": {
                        "id": "alext-cf-router:TFEnableProxyProtocol",
                        "attributes": {
                            "id": "alext-cf-router:TFEnableProxyProtocol",
                            "instance_ports.#": "1",
                            "instance_ports.3638101695": "443",
                            "load_balancer": "alext-cf-router"
                        },
                        "meta": {},
                        "tainted": false
                    },
                    "deposed": [],
                    "provider": ""
                },
                "aws_route.internet.0": {
                    "type": "aws_route",
                    "depends_on": [
                        "aws_nat_gateway.cf",
                        "aws_route_table.internet"
                    ],
                    "primary": {
                        "id": "r-rtb-1c5afe7b1080289494",
                        "attributes": {
                            "destination_cidr_block": "0.0.0.0/0",
                            "destination_prefix_list_id": "",
                            "gateway_id": "",
                            "id": "r-rtb-1c5afe7b1080289494",
                            "instance_id": "",
                            "instance_owner_id": "",
                            "nat_gateway_id": "nat-0a0be7662b0f85961",
                            "network_interface_id": "",
                            "origin": "CreateRoute",
                            "route_table_id": "rtb-1c5afe7b",
                            "state": "active",
                            "vpc_peering_connection_id": ""
                        },
                        "meta": {},
                        "tainted": false
                    },
                    "deposed": [],
                    "provider": ""
                },
                "aws_route.internet.1": {
                    "type": "aws_route",
                    "depends_on": [
                        "aws_nat_gateway.cf",
                        "aws_route_table.internet"
                    ],
                    "primary": {
                        "id": "r-rtb-1a5afe7d1080289494",
                        "attributes": {
                            "destination_cidr_block": "0.0.0.0/0",
                            "destination_prefix_list_id": "",
                            "gateway_id": "",
                            "id": "r-rtb-1a5afe7d1080289494",
                            "instance_id": "",
                            "instance_owner_id": "",
                            "nat_gateway_id": "nat-075e8b990934dcf08",
                            "network_interface_id": "",
                            "origin": "CreateRoute",
                            "route_table_id": "rtb-1a5afe7d",
                            "state": "active",
                            "vpc_peering_connection_id": ""
                        },
                        "meta": {},
                        "tainted": false
                    },
                    "deposed": [],
                    "provider": ""
                },
                "aws_route.internet.2": {
                    "type": "aws_route",
                    "depends_on": [
                        "aws_nat_gateway.cf",
                        "aws_route_table.internet"
                    ],
                    "primary": {
                        "id": "r-rtb-1b5afe7c1080289494",
                        "attributes": {
                            "destination_cidr_block": "0.0.0.0/0",
                            "destination_prefix_list_id": "",
                            "gateway_id": "",
                            "id": "r-rtb-1b5afe7c1080289494",
                            "instance_id": "",
                            "instance_owner_id": "",
                            "nat_gateway_id": "nat-08a87678505fc2372",
                            "network_interface_id": "",
                            "origin": "CreateRoute",
                            "route_table_id": "rtb-1b5afe7c",
                            "state": "active",
                            "vpc_peering_connection_id": ""
                        },
                        "meta": {},
                        "tainted": false
                    },
                    "deposed": [],
                    "provider": ""
                },
                "aws_route53_record.apps_apex": {
                    "type": "aws_route53_record",
                    "depends_on": [
                        "aws_elb.cf_router",
                        "aws_elb.cf_router"
                    ],
                    "primary": {
                        "id": "Z3R6XFWUT4YZHB_alext.dev.cloudpipelineapps.digital._A",
                        "attributes": {
                            "alias.#": "1",
                            "alias.854505152.evaluate_target_health": "true",
                            "alias.854505152.name": "alext-cf-router-1999642018.eu-west-1.elb.amazonaws.com",
                            "alias.854505152.zone_id": "Z32O12XQLNTSW2",
                            "fqdn": "alext.dev.cloudpipelineapps.digital",
                            "health_check_id": "",
                            "id": "Z3R6XFWUT4YZHB_alext.dev.cloudpipelineapps.digital._A",
                            "name": "alext.dev.cloudpipelineapps.digital",
                            "records.#": "0",
                            "set_identifier": "",
                            "ttl": "0",
                            "type": "A",
                            "zone_id": "Z3R6XFWUT4YZHB"
                        },
                        "meta": {
                            "schema_version": "2"
                        },
                        "tainted": false
                    },
                    "deposed": [],
                    "provider": ""
                },
                "aws_route53_record.apps_wildcard": {
                    "type": "aws_route53_record",
                    "depends_on": [
                        "aws_elb.cf_router"
                    ],
                    "primary": {
                        "id": "Z3R6XFWUT4YZHB_*.alext.dev.cloudpipelineapps.digital_CNAME",
                        "attributes": {
                            "fqdn": "*.alext.dev.cloudpipelineapps.digital",
                            "health_check_id": "",
                            "id": "Z3R6XFWUT4YZHB_*.alext.dev.cloudpipelineapps.digital_CNAME",
                            "name": "*.alext.dev.cloudpipelineapps.digital",
                            "records.#": "1",
                            "records.3317529607": "alext-cf-router-1999642018.eu-west-1.elb.amazonaws.com",
                            "set_identifier": "",
                            "ttl": "60",
                            "type": "CNAME",
                            "zone_id": "Z3R6XFWUT4YZHB"
                        },
                        "meta": {
                            "schema_version": "2"
                        },
                        "tainted": false
                    },
                    "deposed": [],
                    "provider": ""
                },
                "aws_route53_record.cf_cc": {
                    "type": "aws_route53_record",
                    "depends_on": [
                        "aws_elb.cf_cc"
                    ],
                    "primary": {
                        "id": "Z1QGLFML8EG6G7_api.alext.dev.cloudpipeline.digital._CNAME",
                        "attributes": {
                            "fqdn": "api.alext.dev.cloudpipeline.digital",
                            "health_check_id": "",
                            "id": "Z1QGLFML8EG6G7_api.alext.dev.cloudpipeline.digital._CNAME",
                            "name": "api.alext.dev.cloudpipeline.digital",
                            "records.#": "1",
                            "records.585554177": "alext-cf-cc-1152008214.eu-west-1.elb.amazonaws.com",
                            "set_identifier": "",
                            "ttl": "60",
                            "type": "CNAME",
                            "zone_id": "Z1QGLFML8EG6G7"
                        },
                        "meta": {
                            "schema_version": "2"
                        },
                        "tainted": false
                    },
                    "deposed": [],
                    "provider": ""
                },
                "aws_route53_record.cf_doppler": {
                    "type": "aws_route53_record",
                    "depends_on": [
                        "aws_elb.cf_doppler"
                    ],
                    "primary": {
                        "id": "Z1QGLFML8EG6G7_doppler.alext.dev.cloudpipeline.digital._CNAME",
                        "attributes": {
                            "fqdn": "doppler.alext.dev.cloudpipeline.digital",
                            "health_check_id": "",
                            "id": "Z1QGLFML8EG6G7_doppler.alext.dev.cloudpipeline.digital._CNAME",
                            "name": "doppler.alext.dev.cloudpipeline.digital",
                            "records.#": "1",
                            "records.1866944960": "alext-cf-doppler-700307962.eu-west-1.elb.amazonaws.com",
                            "set_identifier": "",
                            "ttl": "60",
                            "type": "CNAME",
                            "zone_id": "Z1QGLFML8EG6G7"
                        },
                        "meta": {
                            "schema_version": "2"
                        },
                        "tainted": false
                    },
                    "deposed": [],
                    "provider": ""
                },
                "aws_route53_record.cf_loggregator": {
                    "type": "aws_route53_record",
                    "depends_on": [
                        "aws_elb.cf_loggregator"
                    ],
                    "primary": {
                        "id": "Z1QGLFML8EG6G7_loggregator.alext.dev.cloudpipeline.digital._CNAME",
                        "attributes": {
                            "fqdn": "loggregator.alext.dev.cloudpipeline.digital",
                            "health_check_id": "",
                            "id": "Z1QGLFML8EG6G7_loggregator.alext.dev.cloudpipeline.digital._CNAME",
                            "name": "loggregator.alext.dev.cloudpipeline.digital",
                            "records.#": "1",
                            "records.3404075240": "alext-cf-loggregator-1750242113.eu-west-1.elb.amazonaws.com",
                            "set_identifier": "",
                            "ttl": "60",
                            "type": "CNAME",
                            "zone_id": "Z1QGLFML8EG6G7"
                        },
                        "meta": {
                            "schema_version": "2"
                        },
                        "tainted": false
                    },
                    "deposed": [],
                    "provider": ""
                },
                "aws_route53_record.cf_login": {
                    "type": "aws_route53_record",
                    "depends_on": [
                        "aws_elb.cf_uaa"
                    ],
                    "primary": {
                        "id": "Z1QGLFML8EG6G7_login.alext.dev.cloudpipeline.digital._CNAME",
                        "attributes": {
                            "fqdn": "login.alext.dev.cloudpipeline.digital",
                            "health_check_id": "",
                            "id": "Z1QGLFML8EG6G7_login.alext.dev.cloudpipeline.digital._CNAME",
                            "name": "login.alext.dev.cloudpipeline.digital",
                            "records.#": "1",
                            "records.2464439477": "alext-cf-uaa-184307311.eu-west-1.elb.amazonaws.com",
                            "set_identifier": "",
                            "ttl": "60",
                            "type": "CNAME",
                            "zone_id": "Z1QGLFML8EG6G7"
                        },
                        "meta": {
                            "schema_version": "2"
                        },
                        "tainted": false
                    },
                    "deposed": [],
                    "provider": ""
                },
                "aws_route53_record.cf_ssh_proxy": {
                    "type": "aws_route53_record",
                    "depends_on": [
                        "aws_elb.ssh_proxy"
                    ],
                    "primary": {
                        "id": "Z1QGLFML8EG6G7_ssh.alext.dev.cloudpipeline.digital._CNAME",
                        "attributes": {
                            "fqdn": "ssh.alext.dev.cloudpipeline.digital",
                            "health_check_id": "",
                            "id": "Z1QGLFML8EG6G7_ssh.alext.dev.cloudpipeline.digital._CNAME",
                            "name": "ssh.alext.dev.cloudpipeline.digital",
                            "records.#": "1",
                            "records.1063732820": "alext-ssh-proxy-458793904.eu-west-1.elb.amazonaws.com",
                            "set_identifier": "",
                            "ttl": "60",
                            "type": "CNAME",
                            "zone_id": "Z1QGLFML8EG6G7"
                        },
                        "meta": {
                            "schema_version": "2"
                        },
                        "tainted": false
                    },
                    "deposed": [],
                    "provider": ""
                },
                "aws_route53_record.cf_uaa": {
                    "type": "aws_route53_record",
                    "depends_on": [
                        "aws_elb.cf_uaa"
                    ],
                    "primary": {
                        "id": "Z1QGLFML8EG6G7_uaa.alext.dev.cloudpipeline.digital._CNAME",
                        "attributes": {
                            "fqdn": "uaa.alext.dev.cloudpipeline.digital",
                            "health_check_id": "",
                            "id": "Z1QGLFML8EG6G7_uaa.alext.dev.cloudpipeline.digital._CNAME",
                            "name": "uaa.alext.dev.cloudpipeline.digital",
                            "records.#": "1",
                            "records.2464439477": "alext-cf-uaa-184307311.eu-west-1.elb.amazonaws.com",
                            "set_identifier": "",
                            "ttl": "60",
                            "type": "CNAME",
                            "zone_id": "Z1QGLFML8EG6G7"
                        },
                        "meta": {
                            "schema_version": "2"
                        },
                        "tainted": false
                    },
                    "deposed": [],
                    "provider": ""
                },
                "aws_route53_record.logsearch": {
                    "type": "aws_route53_record",
                    "depends_on": [
                        "aws_elb.logsearch_kibana"
                    ],
                    "primary": {
                        "id": "Z1QGLFML8EG6G7_logsearch.alext.dev.cloudpipeline.digital._CNAME",
                        "attributes": {
                            "fqdn": "logsearch.alext.dev.cloudpipeline.digital",
                            "health_check_id": "",
                            "id": "Z1QGLFML8EG6G7_logsearch.alext.dev.cloudpipeline.digital._CNAME",
                            "name": "logsearch.alext.dev.cloudpipeline.digital",
                            "records.#": "1",
                            "records.3724087850": "alext-logsearch-kibana-1299279325.eu-west-1.elb.amazonaws.com",
                            "set_identifier": "",
                            "ttl": "60",
                            "type": "CNAME",
                            "zone_id": "Z1QGLFML8EG6G7"
                        },
                        "meta": {
                            "schema_version": "2"
                        },
                        "tainted": false
                    },
                    "deposed": [],
                    "provider": ""
                },
                "aws_route53_record.logsearch_ingestor": {
                    "type": "aws_route53_record",
                    "depends_on": [
                        "aws_elb.logsearch_ingestor"
                    ],
                    "primary": {
                        "id": "Z1QGLFML8EG6G7_logsearch-ingestor.alext.dev.cloudpipeline.digital._CNAME",
                        "attributes": {
                            "fqdn": "logsearch-ingestor.alext.dev.cloudpipeline.digital",
                            "health_check_id": "",
                            "id": "Z1QGLFML8EG6G7_logsearch-ingestor.alext.dev.cloudpipeline.digital._CNAME",
                            "name": "logsearch-ingestor.alext.dev.cloudpipeline.digital",
                            "records.#": "1",
                            "records.2486691169": "internal-alext-logsearch-ingestor-443544529.eu-west-1.elb.amazonaws.com",
                            "set_identifier": "",
                            "ttl": "60",
                            "type": "CNAME",
                            "zone_id": "Z1QGLFML8EG6G7"
                        },
                        "meta": {
                            "schema_version": "2"
                        },
                        "tainted": false
                    },
                    "deposed": [],
                    "provider": ""
                },
                "aws_route53_record.metrics": {
                    "type": "aws_route53_record",
                    "depends_on": [
                        "aws_elb.metrics"
                    ],
                    "primary": {
                        "id": "Z1QGLFML8EG6G7_metrics.alext.dev.cloudpipeline.digital._CNAME",
                        "attributes": {
                            "fqdn": "metrics.alext.dev.cloudpipeline.digital",
                            "health_check_id": "",
                            "id": "Z1QGLFML8EG6G7_metrics.alext.dev.cloudpipeline.digital._CNAME",
                            "name": "metrics.alext.dev.cloudpipeline.digital",
                            "records.#": "1",
                            "records.3966487123": "alext-metrics-71760158.eu-west-1.elb.amazonaws.com",
                            "set_identifier": "",
                            "ttl": "60",
                            "type": "CNAME",
                            "zone_id": "Z1QGLFML8EG6G7"
                        },
                        "meta": {
                            "schema_version": "2"
                        },
                        "tainted": false
                    },
                    "deposed": [],
                    "provider": ""
                },
                "aws_route53_record.rds_broker": {
                    "type": "aws_route53_record",
                    "depends_on": [
                        "aws_elb.rds_broker"
                    ],
                    "primary": {
                        "id": "Z1QGLFML8EG6G7_rds-broker.alext.dev.cloudpipeline.digital._CNAME",
                        "attributes": {
                            "fqdn": "rds-broker.alext.dev.cloudpipeline.digital",
                            "health_check_id": "",
                            "id": "Z1QGLFML8EG6G7_rds-broker.alext.dev.cloudpipeline.digital._CNAME",
                            "name": "rds-broker.alext.dev.cloudpipeline.digital",
                            "records.#": "1",
                            "records.2364112362": "internal-alext-rds-broker-1233587564.eu-west-1.elb.amazonaws.com",
                            "set_identifier": "",
                            "ttl": "60",
                            "type": "CNAME",
                            "zone_id": "Z1QGLFML8EG6G7"
                        },
                        "meta": {
                            "schema_version": "2"
                        },
                        "tainted": false
                    },
                    "deposed": [],
                    "provider": ""
                },
                "aws_route_table.internet.0": {
                    "type": "aws_route_table",
                    "depends_on": [],
                    "primary": {
                        "id": "rtb-1c5afe7b",
                        "attributes": {
                            "id": "rtb-1c5afe7b",
                            "propagating_vgws.#": "0",
                            "route.#": "0",
                            "tags.%": "0",
                            "vpc_id": "vpc-33eeee57"
                        },
                        "meta": {},
                        "tainted": false
                    },
                    "deposed": [],
                    "provider": ""
                },
                "aws_route_table.internet.1": {
                    "type": "aws_route_table",
                    "depends_on": [],
                    "primary": {
                        "id": "rtb-1a5afe7d",
                        "attributes": {
                            "id": "rtb-1a5afe7d",
                            "propagating_vgws.#": "0",
                            "route.#": "0",
                            "tags.%": "0",
                            "vpc_id": "vpc-33eeee57"
                        },
                        "meta": {},
                        "tainted": false
                    },
                    "deposed": [],
                    "provider": ""
                },
                "aws_route_table.internet.2": {
                    "type": "aws_route_table",
                    "depends_on": [],
                    "primary": {
                        "id": "rtb-1b5afe7c",
                        "attributes": {
                            "id": "rtb-1b5afe7c",
                            "propagating_vgws.#": "0",
                            "route.#": "0",
                            "tags.%": "0",
                            "vpc_id": "vpc-33eeee57"
                        },
                        "meta": {},
                        "tainted": false
                    },
                    "deposed": [],
                    "provider": ""
                },
                "aws_route_table_association.cell_internet.0": {
                    "type": "aws_route_table_association",
                    "depends_on": [
                        "aws_route_table.internet",
                        "aws_subnet.cell"
                    ],
                    "primary": {
                        "id": "rtbassoc-dce107ba",
                        "attributes": {
                            "id": "rtbassoc-dce107ba",
                            "route_table_id": "rtb-1c5afe7b",
                            "subnet_id": "subnet-7ce7ec0a"
                        },
                        "meta": {},
                        "tainted": false
                    },
                    "deposed": [],
                    "provider": ""
                },
                "aws_route_table_association.cell_internet.1": {
                    "type": "aws_route_table_association",
                    "depends_on": [
                        "aws_route_table.internet",
                        "aws_subnet.cell"
                    ],
                    "primary": {
                        "id": "rtbassoc-d8e107be",
                        "attributes": {
                            "id": "rtbassoc-d8e107be",
                            "route_table_id": "rtb-1a5afe7d",
                            "subnet_id": "subnet-8b9ec8d3"
                        },
                        "meta": {},
                        "tainted": false
                    },
                    "deposed": [],
                    "provider": ""
                },
                "aws_route_table_association.cell_internet.2": {
                    "type": "aws_route_table_association",
                    "depends_on": [
                        "aws_route_table.internet",
                        "aws_subnet.cell"
                    ],
                    "primary": {
                        "id": "rtbassoc-dde107bb",
                        "attributes": {
                            "id": "rtbassoc-dde107bb",
                            "route_table_id": "rtb-1b5afe7c",
                            "subnet_id": "subnet-7a5c491e"
                        },
                        "meta": {},
                        "tainted": false
                    },
                    "deposed": [],
                    "provider": ""
                },
                "aws_route_table_association.internet.0": {
                    "type": "aws_route_table_association",
                    "depends_on": [
                        "aws_route_table.internet",
                        "aws_subnet.cf"
                    ],
                    "primary": {
                        "id": "rtbassoc-dee107b8",
                        "attributes": {
                            "id": "rtbassoc-dee107b8",
                            "route_table_id": "rtb-1c5afe7b",
                            "subnet_id": "subnet-78e7ec0e"
                        },
                        "meta": {},
                        "tainted": false
                    },
                    "deposed": [],
                    "provider": ""
                },
                "aws_route_table_association.internet.1": {
                    "type": "aws_route_table_association",
                    "depends_on": [
                        "aws_route_table.internet",
                        "aws_subnet.cf"
                    ],
                    "primary": {
                        "id": "rtbassoc-dbe107bd",
                        "attributes": {
                            "id": "rtbassoc-dbe107bd",
                            "route_table_id": "rtb-1a5afe7d",
                            "subnet_id": "subnet-8d9ec8d5"
                        },
                        "meta": {},
                        "tainted": false
                    },
                    "deposed": [],
                    "provider": ""
                },
                "aws_route_table_association.internet.2": {
                    "type": "aws_route_table_association",
                    "depends_on": [
                        "aws_route_table.internet",
                        "aws_subnet.cf"
                    ],
                    "primary": {
                        "id": "rtbassoc-d1e107b7",
                        "attributes": {
                            "id": "rtbassoc-d1e107b7",
                            "route_table_id": "rtb-1b5afe7c",
                            "subnet_id": "subnet-795c491d"
                        },
                        "meta": {},
                        "tainted": false
                    },
                    "deposed": [],
                    "provider": ""
                },
                "aws_route_table_association.router_internet.0": {
                    "type": "aws_route_table_association",
                    "depends_on": [
                        "aws_route_table.internet",
                        "aws_subnet.router"
                    ],
                    "primary": {
                        "id": "rtbassoc-dfe107b9",
                        "attributes": {
                            "id": "rtbassoc-dfe107b9",
                            "route_table_id": "rtb-1c5afe7b",
                            "subnet_id": "subnet-7ae7ec0c"
                        },
                        "meta": {},
                        "tainted": false
                    },
                    "deposed": [],
                    "provider": ""
                },
                "aws_route_table_association.router_internet.1": {
                    "type": "aws_route_table_association",
                    "depends_on": [
                        "aws_route_table.internet",
                        "aws_subnet.router"
                    ],
                    "primary": {
                        "id": "rtbassoc-d0e107b6",
                        "attributes": {
                            "id": "rtbassoc-d0e107b6",
                            "route_table_id": "rtb-1a5afe7d",
                            "subnet_id": "subnet-809ec8d8"
                        },
                        "meta": {},
                        "tainted": false
                    },
                    "deposed": [],
                    "provider": ""
                },
                "aws_route_table_association.router_internet.2": {
                    "type": "aws_route_table_association",
                    "depends_on": [
                        "aws_route_table.internet",
                        "aws_subnet.router"
                    ],
                    "primary": {
                        "id": "rtbassoc-dae107bc",
                        "attributes": {
                            "id": "rtbassoc-dae107bc",
                            "route_table_id": "rtb-1b5afe7c",
                            "subnet_id": "subnet-475c4923"
                        },
                        "meta": {},
                        "tainted": false
                    },
                    "deposed": [],
                    "provider": ""
                },
                "aws_s3_bucket.buildpacks-s3": {
                    "type": "aws_s3_bucket",
                    "depends_on": [],
                    "primary": {
                        "id": "alext-cf-buildpacks",
                        "attributes": {
                            "acceleration_status": "",
                            "acl": "private",
                            "arn": "arn:aws:s3:::alext-cf-buildpacks",
                            "bucket": "alext-cf-buildpacks",
                            "bucket_domain_name": "alext-cf-buildpacks.s3.amazonaws.com",
                            "force_destroy": "true",
                            "hosted_zone_id": "Z1BKCTXD74EZPE",
                            "id": "alext-cf-buildpacks",
                            "lifecycle_rule.#": "1",
                            "lifecycle_rule.0.abort_incomplete_multipart_upload_days": "3",
                            "lifecycle_rule.0.enabled": "true",
                            "lifecycle_rule.0.expiration.#": "1",
                            "lifecycle_rule.0.expiration.3591068768.date": "",
                            "lifecycle_rule.0.expiration.3591068768.days": "0",
                            "lifecycle_rule.0.expiration.3591068768.expired_object_delete_marker": "true",
                            "lifecycle_rule.0.id": "Expire old previous versions",
                            "lifecycle_rule.0.noncurrent_version_expiration.#": "1",
                            "lifecycle_rule.0.noncurrent_version_expiration.363810779.days": "36",
                            "lifecycle_rule.0.noncurrent_version_transition.#": "0",
                            "lifecycle_rule.0.prefix": "",
                            "lifecycle_rule.0.transition.#": "0",
                            "region": "eu-west-1",
                            "request_payer": "BucketOwner",
                            "tags.%": "0",
                            "versioning.#": "1",
                            "versioning.0.enabled": "true",
                            "versioning.0.mfa_delete": "false",
                            "website.#": "0"
                        },
                        "meta": {},
                        "tainted": false
                    },
                    "deposed": [],
                    "provider": ""
                },
                "aws_s3_bucket.droplets-s3": {
                    "type": "aws_s3_bucket",
                    "depends_on": [],
                    "primary": {
                        "id": "alext-cf-droplets",
                        "attributes": {
                            "acceleration_status": "",
                            "acl": "private",
                            "arn": "arn:aws:s3:::alext-cf-droplets",
                            "bucket": "alext-cf-droplets",
                            "bucket_domain_name": "alext-cf-droplets.s3.amazonaws.com",
                            "force_destroy": "true",
                            "hosted_zone_id": "Z1BKCTXD74EZPE",
                            "id": "alext-cf-droplets",
                            "lifecycle_rule.#": "1",
                            "lifecycle_rule.0.abort_incomplete_multipart_upload_days": "3",
                            "lifecycle_rule.0.enabled": "true",
                            "lifecycle_rule.0.expiration.#": "1",
                            "lifecycle_rule.0.expiration.3591068768.date": "",
                            "lifecycle_rule.0.expiration.3591068768.days": "0",
                            "lifecycle_rule.0.expiration.3591068768.expired_object_delete_marker": "true",
                            "lifecycle_rule.0.id": "Expire old previous versions",
                            "lifecycle_rule.0.noncurrent_version_expiration.#": "1",
                            "lifecycle_rule.0.noncurrent_version_expiration.363810779.days": "36",
                            "lifecycle_rule.0.noncurrent_version_transition.#": "0",
                            "lifecycle_rule.0.prefix": "",
                            "lifecycle_rule.0.transition.#": "0",
                            "region": "eu-west-1",
                            "request_payer": "BucketOwner",
                            "tags.%": "0",
                            "versioning.#": "1",
                            "versioning.0.enabled": "true",
                            "versioning.0.mfa_delete": "false",
                            "website.#": "0"
                        },
                        "meta": {},
                        "tainted": false
                    },
                    "deposed": [],
                    "provider": ""
                },
                "aws_s3_bucket.elb_access_log": {
                    "type": "aws_s3_bucket",
                    "depends_on": [
                        "data.template_file.elb_access_log_bucket_policy"
                    ],
                    "primary": {
                        "id": "gds-paas-alext-elb-access-log",
                        "attributes": {
                            "acceleration_status": "",
                            "acl": "private",
                            "arn": "arn:aws:s3:::gds-paas-alext-elb-access-log",
                            "bucket": "gds-paas-alext-elb-access-log",
                            "bucket_domain_name": "gds-paas-alext-elb-access-log.s3.amazonaws.com",
                            "force_destroy": "true",
                            "hosted_zone_id": "Z1BKCTXD74EZPE",
                            "id": "gds-paas-alext-elb-access-log",
                            "lifecycle_rule.#": "1",
                            "lifecycle_rule.0.abort_incomplete_multipart_upload_days": "0",
                            "lifecycle_rule.0.enabled": "true",
                            "lifecycle_rule.0.expiration.#": "1",
                            "lifecycle_rule.0.expiration.1709177023.date": "",
                            "lifecycle_rule.0.expiration.1709177023.days": "30",
                            "lifecycle_rule.0.expiration.1709177023.expired_object_delete_marker": "false",
                            "lifecycle_rule.0.id": "tf-s3-lifecycle-00a805d1690d8876a6731567b4",
                            "lifecycle_rule.0.noncurrent_version_expiration.#": "0",
                            "lifecycle_rule.0.noncurrent_version_transition.#": "0",
                            "lifecycle_rule.0.prefix": "",
                            "lifecycle_rule.0.transition.#": "0",
                            "policy": "{\"Statement\":[{\"Action\":\"s3:PutObject\",\"Effect\":\"Allow\",\"Principal\":{\"AWS\":\"arn:aws:iam::156460612806:root\"},\"Resource\":\"arn:aws:s3:::gds-paas-alext-elb-access-log/*/AWSLogs/*/*\"}],\"Version\":\"2012-10-17\"}",
                            "region": "eu-west-1",
                            "request_payer": "BucketOwner",
                            "tags.%": "0",
                            "versioning.#": "1",
                            "versioning.0.enabled": "false",
                            "versioning.0.mfa_delete": "false",
                            "website.#": "0"
                        },
                        "meta": {},
                        "tainted": false
                    },
                    "deposed": [],
                    "provider": ""
                },
                "aws_s3_bucket.packages-s3": {
                    "type": "aws_s3_bucket",
                    "depends_on": [],
                    "primary": {
                        "id": "alext-cf-packages",
                        "attributes": {
                            "acceleration_status": "",
                            "acl": "private",
                            "arn": "arn:aws:s3:::alext-cf-packages",
                            "bucket": "alext-cf-packages",
                            "bucket_domain_name": "alext-cf-packages.s3.amazonaws.com",
                            "force_destroy": "true",
                            "hosted_zone_id": "Z1BKCTXD74EZPE",
                            "id": "alext-cf-packages",
                            "lifecycle_rule.#": "1",
                            "lifecycle_rule.0.abort_incomplete_multipart_upload_days": "3",
                            "lifecycle_rule.0.enabled": "true",
                            "lifecycle_rule.0.expiration.#": "1",
                            "lifecycle_rule.0.expiration.3591068768.date": "",
                            "lifecycle_rule.0.expiration.3591068768.days": "0",
                            "lifecycle_rule.0.expiration.3591068768.expired_object_delete_marker": "true",
                            "lifecycle_rule.0.id": "Expire old previous versions",
                            "lifecycle_rule.0.noncurrent_version_expiration.#": "1",
                            "lifecycle_rule.0.noncurrent_version_expiration.363810779.days": "36",
                            "lifecycle_rule.0.noncurrent_version_transition.#": "0",
                            "lifecycle_rule.0.prefix": "",
                            "lifecycle_rule.0.transition.#": "0",
                            "region": "eu-west-1",
                            "request_payer": "BucketOwner",
                            "tags.%": "0",
                            "versioning.#": "1",
                            "versioning.0.enabled": "true",
                            "versioning.0.mfa_delete": "false",
                            "website.#": "0"
                        },
                        "meta": {},
                        "tainted": false
                    },
                    "deposed": [],
                    "provider": ""
                },
                "aws_s3_bucket.resources-s3": {
                    "type": "aws_s3_bucket",
                    "depends_on": [],
                    "primary": {
                        "id": "alext-cf-resources",
                        "attributes": {
                            "acceleration_status": "",
                            "acl": "private",
                            "arn": "arn:aws:s3:::alext-cf-resources",
                            "bucket": "alext-cf-resources",
                            "bucket_domain_name": "alext-cf-resources.s3.amazonaws.com",
                            "force_destroy": "true",
                            "hosted_zone_id": "Z1BKCTXD74EZPE",
                            "id": "alext-cf-resources",
                            "lifecycle_rule.#": "1",
                            "lifecycle_rule.0.abort_incomplete_multipart_upload_days": "3",
                            "lifecycle_rule.0.enabled": "true",
                            "lifecycle_rule.0.expiration.#": "1",
                            "lifecycle_rule.0.expiration.3591068768.date": "",
                            "lifecycle_rule.0.expiration.3591068768.days": "0",
                            "lifecycle_rule.0.expiration.3591068768.expired_object_delete_marker": "true",
                            "lifecycle_rule.0.id": "Expire old previous versions",
                            "lifecycle_rule.0.noncurrent_version_expiration.#": "1",
                            "lifecycle_rule.0.noncurrent_version_expiration.363810779.days": "36",
                            "lifecycle_rule.0.noncurrent_version_transition.#": "0",
                            "lifecycle_rule.0.prefix": "",
                            "lifecycle_rule.0.transition.#": "0",
                            "region": "eu-west-1",
                            "request_payer": "BucketOwner",
                            "tags.%": "0",
                            "versioning.#": "1",
                            "versioning.0.enabled": "true",
                            "versioning.0.mfa_delete": "false",
                            "website.#": "0"
                        },
                        "meta": {},
                        "tainted": false
                    },
                    "deposed": [],
                    "provider": ""
                },
                "aws_s3_bucket.test-artifacts": {
                    "type": "aws_s3_bucket",
                    "depends_on": [],
                    "primary": {
                        "id": "gds-paas-alext-test-artifacts",
                        "attributes": {
                            "acceleration_status": "",
                            "acl": "private",
                            "arn": "arn:aws:s3:::gds-paas-alext-test-artifacts",
                            "bucket": "gds-paas-alext-test-artifacts",
                            "bucket_domain_name": "gds-paas-alext-test-artifacts.s3.amazonaws.com",
                            "force_destroy": "true",
                            "hosted_zone_id": "Z1BKCTXD74EZPE",
                            "id": "gds-paas-alext-test-artifacts",
                            "lifecycle_rule.#": "1",
                            "lifecycle_rule.0.abort_incomplete_multipart_upload_days": "0",
                            "lifecycle_rule.0.enabled": "true",
                            "lifecycle_rule.0.expiration.#": "1",
                            "lifecycle_rule.0.expiration.3023609085.date": "",
                            "lifecycle_rule.0.expiration.3023609085.days": "7",
                            "lifecycle_rule.0.expiration.3023609085.expired_object_delete_marker": "false",
                            "lifecycle_rule.0.id": "tf-s3-lifecycle-00a805d1690d8876a6731567b3",
                            "lifecycle_rule.0.noncurrent_version_expiration.#": "0",
                            "lifecycle_rule.0.noncurrent_version_transition.#": "0",
                            "lifecycle_rule.0.prefix": "",
                            "lifecycle_rule.0.transition.#": "0",
                            "region": "eu-west-1",
                            "request_payer": "BucketOwner",
                            "tags.%": "0",
                            "versioning.#": "1",
                            "versioning.0.enabled": "false",
                            "versioning.0.mfa_delete": "false",
                            "website.#": "0"
                        },
                        "meta": {},
                        "tainted": false
                    },
                    "deposed": [],
                    "provider": ""
                },
                "aws_security_group.cf_api_elb": {
                    "type": "aws_security_group",
                    "depends_on": [
                        "aws_eip.cf"
                    ],
                    "primary": {
                        "id": "sg-c9445caf",
                        "attributes": {
                            "description": "Security group for CF API public endpoints that allows web traffic from whitelisted IPs",
                            "egress.#": "1",
                            "egress.482069346.cidr_blocks.#": "1",
                            "egress.482069346.cidr_blocks.0": "0.0.0.0/0",
                            "egress.482069346.from_port": "0",
                            "egress.482069346.prefix_list_ids.#": "0",
                            "egress.482069346.protocol": "-1",
                            "egress.482069346.security_groups.#": "0",
                            "egress.482069346.self": "false",
                            "egress.482069346.to_port": "0",
                            "id": "sg-c9445caf",
                            "ingress.#": "1",
                            "ingress.876607090.cidr_blocks.#": "7",
                            "ingress.876607090.cidr_blocks.0": "80.194.77.90/32",
                            "ingress.876607090.cidr_blocks.1": "80.194.77.100/32",
                            "ingress.876607090.cidr_blocks.2": "85.133.67.244/32",
                            "ingress.876607090.cidr_blocks.3": "34.251.138.104/32",
                            "ingress.876607090.cidr_blocks.4": "34.252.10.111/32",
                            "ingress.876607090.cidr_blocks.5": "34.252.37.31/32",
                            "ingress.876607090.cidr_blocks.6": "34.249.205.246/32",
                            "ingress.876607090.from_port": "443",
                            "ingress.876607090.protocol": "tcp",
                            "ingress.876607090.security_groups.#": "0",
                            "ingress.876607090.self": "false",
                            "ingress.876607090.to_port": "443",
                            "name": "alext-cf-api-elb",
                            "owner_id": "595665891067",
                            "tags.%": "1",
                            "tags.Name": "alext-cf-api",
                            "vpc_id": "vpc-33eeee57"
                        },
                        "meta": {},
                        "tainted": false
                    },
                    "deposed": [],
                    "provider": ""
                },
                "aws_security_group.cf_rds": {
                    "type": "aws_security_group",
                    "depends_on": [
                        "aws_security_group.cf_rds_client"
                    ],
                    "primary": {
                        "id": "sg-cc445caa",
                        "attributes": {
                            "description": "CF RDS security group",
                            "egress.#": "0",
                            "id": "sg-cc445caa",
                            "ingress.#": "1",
                            "ingress.3258147911.cidr_blocks.#": "0",
                            "ingress.3258147911.from_port": "5432",
                            "ingress.3258147911.protocol": "tcp",
                            "ingress.3258147911.security_groups.#": "2",
                            "ingress.3258147911.security_groups.2756048539": "sg-f1445c97",
                            "ingress.3258147911.security_groups.661427358": "sg-f6584090",
                            "ingress.3258147911.self": "false",
                            "ingress.3258147911.to_port": "5432",
                            "name": "alext-cf-rds",
                            "owner_id": "595665891067",
                            "tags.%": "1",
                            "tags.Name": "alext-cf-rds",
                            "vpc_id": "vpc-33eeee57"
                        },
                        "meta": {},
                        "tainted": false
                    },
                    "deposed": [],
                    "provider": ""
                },
                "aws_security_group.cf_rds_client": {
                    "type": "aws_security_group",
                    "depends_on": [],
                    "primary": {
                        "id": "sg-f1445c97",
                        "attributes": {
                            "description": "Security group of the CF RDS clients",
                            "egress.#": "0",
                            "id": "sg-f1445c97",
                            "ingress.#": "0",
                            "name": "alext-cf-rds-client",
                            "owner_id": "595665891067",
                            "tags.%": "1",
                            "tags.Name": "alext-cf-rds-client",
                            "vpc_id": "vpc-33eeee57"
                        },
                        "meta": {},
                        "tainted": false
                    },
                    "deposed": [],
                    "provider": ""
                },
                "aws_security_group.cloud_controller": {
                    "type": "aws_security_group",
                    "depends_on": [],
                    "primary": {
                        "id": "sg-f0445c96",
                        "attributes": {
                            "description": "Group for VMs acting as part of the Cloud Controller",
                            "egress.#": "0",
                            "id": "sg-f0445c96",
                            "ingress.#": "0",
                            "name": "alext-cloud-controller",
                            "owner_id": "595665891067",
                            "tags.%": "1",
                            "tags.Name": "alext-cloud-controller",
                            "vpc_id": "vpc-33eeee57"
                        },
                        "meta": {},
                        "tainted": false
                    },
                    "deposed": [],
                    "provider": ""
                },
                "aws_security_group.logsearch_elastic_master_elb": {
                    "type": "aws_security_group",
                    "depends_on": [],
                    "primary": {
                        "id": "sg-c6445ca0",
                        "attributes": {
                            "description": "Security group for elastic master which allows TCP/9200",
                            "egress.#": "1",
                            "egress.482069346.cidr_blocks.#": "1",
                            "egress.482069346.cidr_blocks.0": "0.0.0.0/0",
                            "egress.482069346.from_port": "0",
                            "egress.482069346.prefix_list_ids.#": "0",
                            "egress.482069346.protocol": "-1",
                            "egress.482069346.security_groups.#": "0",
                            "egress.482069346.self": "false",
                            "egress.482069346.to_port": "0",
                            "id": "sg-c6445ca0",
                            "ingress.#": "1",
                            "ingress.2750593506.cidr_blocks.#": "1",
                            "ingress.2750593506.cidr_blocks.0": "10.0.0.0/16",
                            "ingress.2750593506.from_port": "9200",
                            "ingress.2750593506.protocol": "tcp",
                            "ingress.2750593506.security_groups.#": "0",
                            "ingress.2750593506.self": "false",
                            "ingress.2750593506.to_port": "9200",
                            "name": "alext-logsearch-elastic-master-elb",
                            "owner_id": "595665891067",
                            "tags.%": "1",
                            "tags.Name": "alext-logsearch-elastic-master-elb",
                            "vpc_id": "vpc-33eeee57"
                        },
                        "meta": {},
                        "tainted": false
                    },
                    "deposed": [],
                    "provider": ""
                },
                "aws_security_group.logsearch_elb": {
                    "type": "aws_security_group",
                    "depends_on": [],
                    "primary": {
                        "id": "sg-c7445ca1",
                        "attributes": {
                            "description": "Security group for logsearch ELB",
                            "egress.#": "1",
                            "egress.482069346.cidr_blocks.#": "1",
                            "egress.482069346.cidr_blocks.0": "0.0.0.0/0",
                            "egress.482069346.from_port": "0",
                            "egress.482069346.prefix_list_ids.#": "0",
                            "egress.482069346.protocol": "-1",
                            "egress.482069346.security_groups.#": "0",
                            "egress.482069346.self": "false",
                            "egress.482069346.to_port": "0",
                            "id": "sg-c7445ca1",
                            "ingress.#": "1",
                            "ingress.80118045.cidr_blocks.#": "3",
                            "ingress.80118045.cidr_blocks.0": "80.194.77.90/32",
                            "ingress.80118045.cidr_blocks.1": "80.194.77.100/32",
                            "ingress.80118045.cidr_blocks.2": "85.133.67.244/32",
                            "ingress.80118045.from_port": "443",
                            "ingress.80118045.protocol": "tcp",
                            "ingress.80118045.security_groups.#": "0",
                            "ingress.80118045.self": "false",
                            "ingress.80118045.to_port": "443",
                            "name": "alext-logsearch",
                            "owner_id": "595665891067",
                            "tags.%": "1",
                            "tags.Name": "alext-logsearch_elb",
                            "vpc_id": "vpc-33eeee57"
                        },
                        "meta": {},
                        "tainted": false
                    },
                    "deposed": [],
                    "provider": ""
                },
                "aws_security_group.logsearch_ingestor_elb_ssl": {
                    "type": "aws_security_group",
                    "depends_on": [],
                    "primary": {
                        "id": "sg-fb445c9d",
                        "attributes": {
                            "description": "Security group for web that allows TCP/6514 for logsearch ingestor",
                            "egress.#": "1",
                            "egress.482069346.cidr_blocks.#": "1",
                            "egress.482069346.cidr_blocks.0": "0.0.0.0/0",
                            "egress.482069346.from_port": "0",
                            "egress.482069346.prefix_list_ids.#": "0",
                            "egress.482069346.protocol": "-1",
                            "egress.482069346.security_groups.#": "0",
                            "egress.482069346.self": "false",
                            "egress.482069346.to_port": "0",
                            "id": "sg-fb445c9d",
                            "ingress.#": "1",
                            "ingress.3218301366.cidr_blocks.#": "1",
                            "ingress.3218301366.cidr_blocks.0": "10.0.0.0/16",
                            "ingress.3218301366.from_port": "6514",
                            "ingress.3218301366.protocol": "tcp",
                            "ingress.3218301366.security_groups.#": "0",
                            "ingress.3218301366.self": "false",
                            "ingress.3218301366.to_port": "6514",
                            "name": "alext-logsearch-ingestor-elb-ssl",
                            "owner_id": "595665891067",
                            "tags.%": "1",
                            "tags.Name": "alext-logsearch-ingestor-ssl",
                            "vpc_id": "vpc-33eeee57"
                        },
                        "meta": {},
                        "tainted": false
                    },
                    "deposed": [],
                    "provider": ""
                },
                "aws_security_group.metrics_elb": {
                    "type": "aws_security_group",
                    "depends_on": [],
                    "primary": {
                        "id": "sg-c1445ca7",
                        "attributes": {
                            "description": "Security group for graphite/grafana ELB",
                            "egress.#": "1",
                            "egress.482069346.cidr_blocks.#": "1",
                            "egress.482069346.cidr_blocks.0": "0.0.0.0/0",
                            "egress.482069346.from_port": "0",
                            "egress.482069346.prefix_list_ids.#": "0",
                            "egress.482069346.protocol": "-1",
                            "egress.482069346.security_groups.#": "0",
                            "egress.482069346.self": "false",
                            "egress.482069346.to_port": "0",
                            "id": "sg-c1445ca7",
                            "ingress.#": "2",
                            "ingress.3478223598.cidr_blocks.#": "3",
                            "ingress.3478223598.cidr_blocks.0": "80.194.77.90/32",
                            "ingress.3478223598.cidr_blocks.1": "80.194.77.100/32",
                            "ingress.3478223598.cidr_blocks.2": "85.133.67.244/32",
                            "ingress.3478223598.from_port": "3001",
                            "ingress.3478223598.protocol": "tcp",
                            "ingress.3478223598.security_groups.#": "0",
                            "ingress.3478223598.self": "false",
                            "ingress.3478223598.to_port": "3001",
                            "ingress.80118045.cidr_blocks.#": "3",
                            "ingress.80118045.cidr_blocks.0": "80.194.77.90/32",
                            "ingress.80118045.cidr_blocks.1": "80.194.77.100/32",
                            "ingress.80118045.cidr_blocks.2": "85.133.67.244/32",
                            "ingress.80118045.from_port": "443",
                            "ingress.80118045.protocol": "tcp",
                            "ingress.80118045.security_groups.#": "0",
                            "ingress.80118045.self": "false",
                            "ingress.80118045.to_port": "443",
                            "name": "alext-metrics",
                            "owner_id": "595665891067",
                            "tags.%": "1",
                            "tags.Name": "alext-metrics_elb",
                            "vpc_id": "vpc-33eeee57"
                        },
                        "meta": {},
                        "tainted": false
                    },
                    "deposed": [],
                    "provider": ""
                },
                "aws_security_group.pingdom-probes-0": {
                    "type": "aws_security_group",
                    "depends_on": [],
                    "primary": {
                        "id": "sg-ff445c99",
                        "attributes": {
                            "description": "Security group for pingdom probes to reach the HTTPS port",
                            "egress.#": "1",
                            "egress.482069346.cidr_blocks.#": "1",
                            "egress.482069346.cidr_blocks.0": "0.0.0.0/0",
                            "egress.482069346.from_port": "0",
                            "egress.482069346.prefix_list_ids.#": "0",
                            "egress.482069346.protocol": "-1",
                            "egress.482069346.security_groups.#": "0",
                            "egress.482069346.self": "false",
                            "egress.482069346.to_port": "0",
                            "id": "sg-ff445c99",
                            "ingress.#": "1",
                            "ingress.1916454189.cidr_blocks.#": "32",
                            "ingress.1916454189.cidr_blocks.0": "103.47.211.210/32",
                            "ingress.1916454189.cidr_blocks.1": "108.62.115.226/32",
                            "ingress.1916454189.cidr_blocks.10": "174.34.224.167/32",
                            "ingress.1916454189.cidr_blocks.11": "175.45.132.20/32",
                            "ingress.1916454189.cidr_blocks.12": "178.255.152.2/32",
                            "ingress.1916454189.cidr_blocks.13": "178.255.153.2/32",
                            "ingress.1916454189.cidr_blocks.14": "178.255.154.2/32",
                            "ingress.1916454189.cidr_blocks.15": "178.255.155.2/32",
                            "ingress.1916454189.cidr_blocks.16": "184.75.208.210/32",
                            "ingress.1916454189.cidr_blocks.17": "184.75.209.18/32",
                            "ingress.1916454189.cidr_blocks.18": "184.75.210.226/32",
                            "ingress.1916454189.cidr_blocks.19": "184.75.210.90/32",
                            "ingress.1916454189.cidr_blocks.2": "109.123.101.103/32",
                            "ingress.1916454189.cidr_blocks.20": "184.75.214.66/32",
                            "ingress.1916454189.cidr_blocks.21": "185.39.146.214/32",
                            "ingress.1916454189.cidr_blocks.22": "185.39.146.215/32",
                            "ingress.1916454189.cidr_blocks.23": "185.70.76.23/32",
                            "ingress.1916454189.cidr_blocks.24": "188.138.40.20/32",
                            "ingress.1916454189.cidr_blocks.25": "199.87.228.66/32",
                            "ingress.1916454189.cidr_blocks.26": "204.152.200.42/32",
                            "ingress.1916454189.cidr_blocks.27": "207.244.80.239/32",
                            "ingress.1916454189.cidr_blocks.28": "208.43.68.59/32",
                            "ingress.1916454189.cidr_blocks.29": "208.64.28.194/32",
                            "ingress.1916454189.cidr_blocks.3": "159.8.146.132/32",
                            "ingress.1916454189.cidr_blocks.30": "209.126.117.87/32",
                            "ingress.1916454189.cidr_blocks.31": "209.126.120.29/32",
                            "ingress.1916454189.cidr_blocks.4": "162.218.67.34/32",
                            "ingress.1916454189.cidr_blocks.5": "168.1.92.58/32",
                            "ingress.1916454189.cidr_blocks.6": "173.248.147.18/32",
                            "ingress.1916454189.cidr_blocks.7": "173.254.206.242/32",
                            "ingress.1916454189.cidr_blocks.8": "174.34.156.130/32",
                            "ingress.1916454189.cidr_blocks.9": "174.34.162.242/32",
                            "ingress.1916454189.from_port": "443",
                            "ingress.1916454189.protocol": "tcp",
                            "ingress.1916454189.security_groups.#": "0",
                            "ingress.1916454189.self": "false",
                            "ingress.1916454189.to_port": "443",
                            "name": "alext-cf-pingdom-probes-0",
                            "owner_id": "595665891067",
                            "tags.%": "1",
                            "tags.Name": "alext-cf-pingdom-probes-0",
                            "vpc_id": "vpc-33eeee57"
                        },
                        "meta": {},
                        "tainted": false
                    },
                    "deposed": [],
                    "provider": ""
                },
                "aws_security_group.pingdom-probes-1": {
                    "type": "aws_security_group",
                    "depends_on": [],
                    "primary": {
                        "id": "sg-fc445c9a",
                        "attributes": {
                            "description": "Security group for pingdom probes to reach the HTTPS port",
                            "egress.#": "1",
                            "egress.482069346.cidr_blocks.#": "1",
                            "egress.482069346.cidr_blocks.0": "0.0.0.0/0",
                            "egress.482069346.from_port": "0",
                            "egress.482069346.prefix_list_ids.#": "0",
                            "egress.482069346.protocol": "-1",
                            "egress.482069346.security_groups.#": "0",
                            "egress.482069346.self": "false",
                            "egress.482069346.to_port": "0",
                            "id": "sg-fc445c9a",
                            "ingress.#": "1",
                            "ingress.2232960611.cidr_blocks.#": "32",
                            "ingress.2232960611.cidr_blocks.0": "211.44.63.35/32",
                            "ingress.2232960611.cidr_blocks.1": "23.111.152.74/32",
                            "ingress.2232960611.cidr_blocks.10": "5.178.78.77/32",
                            "ingress.2232960611.cidr_blocks.11": "50.16.153.186/32",
                            "ingress.2232960611.cidr_blocks.12": "50.22.90.227/32",
                            "ingress.2232960611.cidr_blocks.13": "50.23.94.74/32",
                            "ingress.2232960611.cidr_blocks.14": "52.0.204.16/32",
                            "ingress.2232960611.cidr_blocks.15": "52.197.224.235/32",
                            "ingress.2232960611.cidr_blocks.16": "52.197.31.124/32",
                            "ingress.2232960611.cidr_blocks.17": "52.198.25.184/32",
                            "ingress.2232960611.cidr_blocks.18": "52.201.3.199/32",
                            "ingress.2232960611.cidr_blocks.19": "52.209.186.226/32",
                            "ingress.2232960611.cidr_blocks.2": "23.22.2.46/32",
                            "ingress.2232960611.cidr_blocks.20": "52.209.34.226/32",
                            "ingress.2232960611.cidr_blocks.21": "52.210.232.124/32",
                            "ingress.2232960611.cidr_blocks.22": "52.24.42.103/32",
                            "ingress.2232960611.cidr_blocks.23": "52.48.244.35/32",
                            "ingress.2232960611.cidr_blocks.24": "52.52.118.192/32",
                            "ingress.2232960611.cidr_blocks.25": "52.52.34.158/32",
                            "ingress.2232960611.cidr_blocks.26": "52.52.95.213/32",
                            "ingress.2232960611.cidr_blocks.27": "52.57.132.90/32",
                            "ingress.2232960611.cidr_blocks.28": "52.59.147.246/32",
                            "ingress.2232960611.cidr_blocks.29": "52.59.46.112/32",
                            "ingress.2232960611.cidr_blocks.3": "27.122.14.7/32",
                            "ingress.2232960611.cidr_blocks.30": "52.62.12.49/32",
                            "ingress.2232960611.cidr_blocks.31": "52.63.142.2/32",
                            "ingress.2232960611.cidr_blocks.4": "37.252.231.50/32",
                            "ingress.2232960611.cidr_blocks.5": "43.225.198.122/32",
                            "ingress.2232960611.cidr_blocks.6": "43.229.84.12/32",
                            "ingress.2232960611.cidr_blocks.7": "46.165.195.139/32",
                            "ingress.2232960611.cidr_blocks.8": "46.20.45.18/32",
                            "ingress.2232960611.cidr_blocks.9": "5.172.196.188/32",
                            "ingress.2232960611.from_port": "443",
                            "ingress.2232960611.protocol": "tcp",
                            "ingress.2232960611.security_groups.#": "0",
                            "ingress.2232960611.self": "false",
                            "ingress.2232960611.to_port": "443",
                            "name": "alext-cf-pingdom-probes-1",
                            "owner_id": "595665891067",
                            "tags.%": "1",
                            "tags.Name": "alext-cf-pingdom-probes-1",
                            "vpc_id": "vpc-33eeee57"
                        },
                        "meta": {},
                        "tainted": false
                    },
                    "deposed": [],
                    "provider": ""
                },
                "aws_security_group.pingdom-probes-2": {
                    "type": "aws_security_group",
                    "depends_on": [],
                    "primary": {
                        "id": "sg-c3445ca5",
                        "attributes": {
                            "description": "Security group for pingdom probes to reach the HTTPS port",
                            "egress.#": "1",
                            "egress.482069346.cidr_blocks.#": "1",
                            "egress.482069346.cidr_blocks.0": "0.0.0.0/0",
                            "egress.482069346.from_port": "0",
                            "egress.482069346.prefix_list_ids.#": "0",
                            "egress.482069346.protocol": "-1",
                            "egress.482069346.security_groups.#": "0",
                            "egress.482069346.self": "false",
                            "egress.482069346.to_port": "0",
                            "id": "sg-c3445ca5",
                            "ingress.#": "1",
                            "ingress.422098345.cidr_blocks.#": "32",
                            "ingress.422098345.cidr_blocks.0": "52.63.164.147/32",
                            "ingress.422098345.cidr_blocks.1": "52.63.167.55/32",
                            "ingress.422098345.cidr_blocks.10": "69.59.28.19/32",
                            "ingress.422098345.cidr_blocks.11": "70.32.40.2/32",
                            "ingress.422098345.cidr_blocks.12": "72.46.130.42/32",
                            "ingress.422098345.cidr_blocks.13": "72.46.140.106/32",
                            "ingress.422098345.cidr_blocks.14": "72.46.153.26/32",
                            "ingress.422098345.cidr_blocks.15": "76.164.194.74/32",
                            "ingress.422098345.cidr_blocks.16": "76.72.167.154/32",
                            "ingress.422098345.cidr_blocks.17": "76.72.167.90/32",
                            "ingress.422098345.cidr_blocks.18": "76.72.172.208/32",
                            "ingress.422098345.cidr_blocks.19": "82.103.136.16/32",
                            "ingress.422098345.cidr_blocks.2": "52.73.209.122/32",
                            "ingress.422098345.cidr_blocks.20": "82.103.139.165/32",
                            "ingress.422098345.cidr_blocks.21": "83.170.113.210/32",
                            "ingress.422098345.cidr_blocks.22": "85.17.156.11/32",
                            "ingress.422098345.cidr_blocks.23": "85.17.156.76/32",
                            "ingress.422098345.cidr_blocks.24": "85.17.156.99/32",
                            "ingress.422098345.cidr_blocks.25": "85.93.93.123/32",
                            "ingress.422098345.cidr_blocks.26": "85.93.93.124/32",
                            "ingress.422098345.cidr_blocks.27": "85.93.93.133/32",
                            "ingress.422098345.cidr_blocks.28": "89.163.146.247/32",
                            "ingress.422098345.cidr_blocks.29": "89.163.242.206/32",
                            "ingress.422098345.cidr_blocks.3": "52.89.43.70/32",
                            "ingress.422098345.cidr_blocks.30": "94.247.174.83/32",
                            "ingress.422098345.cidr_blocks.31": "95.141.32.46/32",
                            "ingress.422098345.cidr_blocks.4": "54.68.48.199/32",
                            "ingress.422098345.cidr_blocks.5": "54.70.202.58/32",
                            "ingress.422098345.cidr_blocks.6": "64.120.6.122/32",
                            "ingress.422098345.cidr_blocks.7": "64.237.49.203/32",
                            "ingress.422098345.cidr_blocks.8": "64.237.55.3/32",
                            "ingress.422098345.cidr_blocks.9": "67.228.213.178/32",
                            "ingress.422098345.from_port": "443",
                            "ingress.422098345.protocol": "tcp",
                            "ingress.422098345.security_groups.#": "0",
                            "ingress.422098345.self": "false",
                            "ingress.422098345.to_port": "443",
                            "name": "alext-cf-pingdom-probes-2",
                            "owner_id": "595665891067",
                            "tags.%": "1",
                            "tags.Name": "alext-cf-pingdom-probes-2",
                            "vpc_id": "vpc-33eeee57"
                        },
                        "meta": {},
                        "tainted": false
                    },
                    "deposed": [],
                    "provider": ""
                },
                "aws_security_group.pingdom-probes-3": {
                    "type": "aws_security_group",
                    "depends_on": [],
                    "primary": {
                        "id": "sg-c4445ca2",
                        "attributes": {
                            "description": "Security group for pingdom probes to reach the HTTPS port",
                            "egress.#": "1",
                            "egress.482069346.cidr_blocks.#": "1",
                            "egress.482069346.cidr_blocks.0": "0.0.0.0/0",
                            "egress.482069346.from_port": "0",
                            "egress.482069346.prefix_list_ids.#": "0",
                            "egress.482069346.protocol": "-1",
                            "egress.482069346.security_groups.#": "0",
                            "egress.482069346.self": "false",
                            "egress.482069346.to_port": "0",
                            "id": "sg-c4445ca2",
                            "ingress.#": "1",
                            "ingress.1477967957.cidr_blocks.#": "4",
                            "ingress.1477967957.cidr_blocks.0": "95.211.198.87/32",
                            "ingress.1477967957.cidr_blocks.1": "95.211.217.68/32",
                            "ingress.1477967957.cidr_blocks.2": "95.211.228.65/32",
                            "ingress.1477967957.cidr_blocks.3": "96.31.66.245/32",
                            "ingress.1477967957.from_port": "443",
                            "ingress.1477967957.protocol": "tcp",
                            "ingress.1477967957.security_groups.#": "0",
                            "ingress.1477967957.self": "false",
                            "ingress.1477967957.to_port": "443",
                            "name": "alext-cf-pingdom-probes-3",
                            "owner_id": "595665891067",
                            "tags.%": "1",
                            "tags.Name": "alext-cf-pingdom-probes-3",
                            "vpc_id": "vpc-33eeee57"
                        },
                        "meta": {},
                        "tainted": false
                    },
                    "deposed": [],
                    "provider": ""
                },
                "aws_security_group.rds_broker_db_clients": {
                    "type": "aws_security_group",
                    "depends_on": [],
                    "primary": {
                        "id": "sg-f9445c9f",
                        "attributes": {
                            "description": "Group for clients of RDS broker DB instances",
                            "egress.#": "0",
                            "id": "sg-f9445c9f",
                            "ingress.#": "0",
                            "name": "alext-rds-broker-db-clients",
                            "owner_id": "595665891067",
                            "tags.%": "1",
                            "tags.Name": "alext-rds-broker-db-clients",
                            "vpc_id": "vpc-33eeee57"
                        },
                        "meta": {},
                        "tainted": false
                    },
                    "deposed": [],
                    "provider": ""
                },
                "aws_security_group.rds_broker_dbs": {
                    "type": "aws_security_group",
                    "depends_on": [
                        "aws_security_group.rds_broker_db_clients"
                    ],
                    "primary": {
                        "id": "sg-ca445cac",
                        "attributes": {
                            "description": "Group for RDS broker DB instances",
                            "egress.#": "0",
                            "id": "sg-ca445cac",
                            "ingress.#": "1",
                            "ingress.252531706.cidr_blocks.#": "0",
                            "ingress.252531706.from_port": "5432",
                            "ingress.252531706.protocol": "tcp",
                            "ingress.252531706.security_groups.#": "1",
                            "ingress.252531706.security_groups.2345064862": "sg-f9445c9f",
                            "ingress.252531706.self": "false",
                            "ingress.252531706.to_port": "5432",
                            "name": "alext-rds-broker-dbs",
                            "owner_id": "595665891067",
                            "tags.%": "1",
                            "tags.Name": "alext-rds-broker-dbs",
                            "vpc_id": "vpc-33eeee57"
                        },
                        "meta": {},
                        "tainted": false
                    },
                    "deposed": [],
                    "provider": ""
                },
                "aws_security_group.service_brokers": {
                    "type": "aws_security_group",
                    "depends_on": [
                        "aws_security_group.cloud_controller"
                    ],
                    "primary": {
                        "id": "sg-cf445ca9",
                        "attributes": {
                            "description": "Group for service brokers",
                            "egress.#": "1",
                            "egress.482069346.cidr_blocks.#": "1",
                            "egress.482069346.cidr_blocks.0": "0.0.0.0/0",
                            "egress.482069346.from_port": "0",
                            "egress.482069346.prefix_list_ids.#": "0",
                            "egress.482069346.protocol": "-1",
                            "egress.482069346.security_groups.#": "0",
                            "egress.482069346.self": "false",
                            "egress.482069346.to_port": "0",
                            "id": "sg-cf445ca9",
                            "ingress.#": "1",
                            "ingress.581782164.cidr_blocks.#": "0",
                            "ingress.581782164.from_port": "443",
                            "ingress.581782164.protocol": "tcp",
                            "ingress.581782164.security_groups.#": "1",
                            "ingress.581782164.security_groups.1966460345": "sg-f0445c96",
                            "ingress.581782164.self": "false",
                            "ingress.581782164.to_port": "443",
                            "name": "alext-service-brokers",
                            "owner_id": "595665891067",
                            "tags.%": "1",
                            "tags.Name": "alext-service-brokers",
                            "vpc_id": "vpc-33eeee57"
                        },
                        "meta": {},
                        "tainted": false
                    },
                    "deposed": [],
                    "provider": ""
                },
                "aws_security_group.sshproxy": {
                    "type": "aws_security_group",
                    "depends_on": [],
                    "primary": {
                        "id": "sg-c5445ca3",
                        "attributes": {
                            "description": "Security group for web that allows TCP/2222 for ssh-proxy from the office",
                            "egress.#": "1",
                            "egress.482069346.cidr_blocks.#": "1",
                            "egress.482069346.cidr_blocks.0": "0.0.0.0/0",
                            "egress.482069346.from_port": "0",
                            "egress.482069346.prefix_list_ids.#": "0",
                            "egress.482069346.protocol": "-1",
                            "egress.482069346.security_groups.#": "0",
                            "egress.482069346.self": "false",
                            "egress.482069346.to_port": "0",
                            "id": "sg-c5445ca3",
                            "ingress.#": "1",
                            "ingress.2816398033.cidr_blocks.#": "4",
                            "ingress.2816398033.cidr_blocks.0": "80.194.77.90/32",
                            "ingress.2816398033.cidr_blocks.1": "80.194.77.100/32",
                            "ingress.2816398033.cidr_blocks.2": "85.133.67.244/32",
                            "ingress.2816398033.cidr_blocks.3": "34.251.138.104/32",
                            "ingress.2816398033.from_port": "2222",
                            "ingress.2816398033.protocol": "tcp",
                            "ingress.2816398033.security_groups.#": "0",
                            "ingress.2816398033.self": "false",
                            "ingress.2816398033.to_port": "2222",
                            "name": "alext-sshproxy-cf",
                            "owner_id": "595665891067",
                            "tags.%": "1",
                            "tags.Name": "alext-cf-sshproxy",
                            "vpc_id": "vpc-33eeee57"
                        },
                        "meta": {},
                        "tainted": false
                    },
                    "deposed": [],
                    "provider": ""
                },
                "aws_security_group.web": {
                    "type": "aws_security_group",
                    "depends_on": [
                        "aws_eip.cf"
                    ],
                    "primary": {
                        "id": "sg-cb445cad",
                        "attributes": {
                            "description": "Security group for web that allows web traffic from the office",
                            "egress.#": "1",
                            "egress.482069346.cidr_blocks.#": "1",
                            "egress.482069346.cidr_blocks.0": "0.0.0.0/0",
                            "egress.482069346.from_port": "0",
                            "egress.482069346.prefix_list_ids.#": "0",
                            "egress.482069346.protocol": "-1",
                            "egress.482069346.security_groups.#": "0",
                            "egress.482069346.self": "false",
                            "egress.482069346.to_port": "0",
                            "id": "sg-cb445cad",
                            "ingress.#": "1",
                            "ingress.876607090.cidr_blocks.#": "7",
                            "ingress.876607090.cidr_blocks.0": "80.194.77.90/32",
                            "ingress.876607090.cidr_blocks.1": "80.194.77.100/32",
                            "ingress.876607090.cidr_blocks.2": "85.133.67.244/32",
                            "ingress.876607090.cidr_blocks.3": "34.251.138.104/32",
                            "ingress.876607090.cidr_blocks.4": "34.252.10.111/32",
                            "ingress.876607090.cidr_blocks.5": "34.252.37.31/32",
                            "ingress.876607090.cidr_blocks.6": "34.249.205.246/32",
                            "ingress.876607090.from_port": "443",
                            "ingress.876607090.protocol": "tcp",
                            "ingress.876607090.security_groups.#": "0",
                            "ingress.876607090.self": "false",
                            "ingress.876607090.to_port": "443",
                            "name": "alext-cf-web",
                            "owner_id": "595665891067",
                            "tags.%": "1",
                            "tags.Name": "alext-cf-web",
                            "vpc_id": "vpc-33eeee57"
                        },
                        "meta": {},
                        "tainted": false
                    },
                    "deposed": [],
                    "provider": ""
                },
                "aws_subnet.aws_backing_services.0": {
                    "type": "aws_subnet",
                    "depends_on": [],
                    "primary": {
                        "id": "subnet-7be7ec0d",
                        "attributes": {
                            "availability_zone": "eu-west-1a",
                            "cidr_block": "10.0.52.0/24",
                            "id": "subnet-7be7ec0d",
                            "map_public_ip_on_launch": "false",
                            "tags.%": "1",
                            "tags.Name": "alext-aws-backing-service-0",
                            "vpc_id": "vpc-33eeee57"
                        },
                        "meta": {},
                        "tainted": false
                    },
                    "deposed": [],
                    "provider": ""
                },
                "aws_subnet.aws_backing_services.1": {
                    "type": "aws_subnet",
                    "depends_on": [],
                    "primary": {
                        "id": "subnet-8c9ec8d4",
                        "attributes": {
                            "availability_zone": "eu-west-1b",
                            "cidr_block": "10.0.53.0/24",
                            "id": "subnet-8c9ec8d4",
                            "map_public_ip_on_launch": "false",
                            "tags.%": "1",
                            "tags.Name": "alext-aws-backing-service-1",
                            "vpc_id": "vpc-33eeee57"
                        },
                        "meta": {},
                        "tainted": false
                    },
                    "deposed": [],
                    "provider": ""
                },
                "aws_subnet.aws_backing_services.2": {
                    "type": "aws_subnet",
                    "depends_on": [],
                    "primary": {
                        "id": "subnet-445c4920",
                        "attributes": {
                            "availability_zone": "eu-west-1c",
                            "cidr_block": "10.0.54.0/24",
                            "id": "subnet-445c4920",
                            "map_public_ip_on_launch": "false",
                            "tags.%": "1",
                            "tags.Name": "alext-aws-backing-service-2",
                            "vpc_id": "vpc-33eeee57"
                        },
                        "meta": {},
                        "tainted": false
                    },
                    "deposed": [],
                    "provider": ""
                },
                "aws_subnet.cell.0": {
                    "type": "aws_subnet",
                    "depends_on": [],
                    "primary": {
                        "id": "subnet-7ce7ec0a",
                        "attributes": {
                            "availability_zone": "eu-west-1a",
                            "cidr_block": "10.0.32.0/24",
                            "id": "subnet-7ce7ec0a",
                            "map_public_ip_on_launch": "false",
                            "tags.%": "1",
                            "tags.Name": "alext-cell-subnet-0",
                            "vpc_id": "vpc-33eeee57"
                        },
                        "meta": {},
                        "tainted": false
                    },
                    "deposed": [],
                    "provider": ""
                },
                "aws_subnet.cell.1": {
                    "type": "aws_subnet",
                    "depends_on": [],
                    "primary": {
                        "id": "subnet-8b9ec8d3",
                        "attributes": {
                            "availability_zone": "eu-west-1b",
                            "cidr_block": "10.0.33.0/24",
                            "id": "subnet-8b9ec8d3",
                            "map_public_ip_on_launch": "false",
                            "tags.%": "1",
                            "tags.Name": "alext-cell-subnet-1",
                            "vpc_id": "vpc-33eeee57"
                        },
                        "meta": {},
                        "tainted": false
                    },
                    "deposed": [],
                    "provider": ""
                },
                "aws_subnet.cell.2": {
                    "type": "aws_subnet",
                    "depends_on": [],
                    "primary": {
                        "id": "subnet-7a5c491e",
                        "attributes": {
                            "availability_zone": "eu-west-1c",
                            "cidr_block": "10.0.34.0/24",
                            "id": "subnet-7a5c491e",
                            "map_public_ip_on_launch": "false",
                            "tags.%": "1",
                            "tags.Name": "alext-cell-subnet-2",
                            "vpc_id": "vpc-33eeee57"
                        },
                        "meta": {},
                        "tainted": false
                    },
                    "deposed": [],
                    "provider": ""
                },
                "aws_subnet.cf.0": {
                    "type": "aws_subnet",
                    "depends_on": [],
                    "primary": {
                        "id": "subnet-78e7ec0e",
                        "attributes": {
                            "availability_zone": "eu-west-1a",
                            "cidr_block": "10.0.16.0/24",
                            "id": "subnet-78e7ec0e",
                            "map_public_ip_on_launch": "false",
                            "tags.%": "1",
                            "tags.Name": "alext-cf-subnet-0",
                            "vpc_id": "vpc-33eeee57"
                        },
                        "meta": {},
                        "tainted": false
                    },
                    "deposed": [],
                    "provider": ""
                },
                "aws_subnet.cf.1": {
                    "type": "aws_subnet",
                    "depends_on": [],
                    "primary": {
                        "id": "subnet-8d9ec8d5",
                        "attributes": {
                            "availability_zone": "eu-west-1b",
                            "cidr_block": "10.0.17.0/24",
                            "id": "subnet-8d9ec8d5",
                            "map_public_ip_on_launch": "false",
                            "tags.%": "1",
                            "tags.Name": "alext-cf-subnet-1",
                            "vpc_id": "vpc-33eeee57"
                        },
                        "meta": {},
                        "tainted": false
                    },
                    "deposed": [],
                    "provider": ""
                },
                "aws_subnet.cf.2": {
                    "type": "aws_subnet",
                    "depends_on": [],
                    "primary": {
                        "id": "subnet-795c491d",
                        "attributes": {
                            "availability_zone": "eu-west-1c",
                            "cidr_block": "10.0.18.0/24",
                            "id": "subnet-795c491d",
                            "map_public_ip_on_launch": "false",
                            "tags.%": "1",
                            "tags.Name": "alext-cf-subnet-2",
                            "vpc_id": "vpc-33eeee57"
                        },
                        "meta": {},
                        "tainted": false
                    },
                    "deposed": [],
                    "provider": ""
                },
                "aws_subnet.router.0": {
                    "type": "aws_subnet",
                    "depends_on": [],
                    "primary": {
                        "id": "subnet-7ae7ec0c",
                        "attributes": {
                            "availability_zone": "eu-west-1a",
                            "cidr_block": "10.0.48.0/24",
                            "id": "subnet-7ae7ec0c",
                            "map_public_ip_on_launch": "false",
                            "tags.%": "1",
                            "tags.Name": "alext-router-subnet-0",
                            "vpc_id": "vpc-33eeee57"
                        },
                        "meta": {},
                        "tainted": false
                    },
                    "deposed": [],
                    "provider": ""
                },
                "aws_subnet.router.1": {
                    "type": "aws_subnet",
                    "depends_on": [],
                    "primary": {
                        "id": "subnet-809ec8d8",
                        "attributes": {
                            "availability_zone": "eu-west-1b",
                            "cidr_block": "10.0.49.0/24",
                            "id": "subnet-809ec8d8",
                            "map_public_ip_on_launch": "false",
                            "tags.%": "1",
                            "tags.Name": "alext-router-subnet-1",
                            "vpc_id": "vpc-33eeee57"
                        },
                        "meta": {},
                        "tainted": false
                    },
                    "deposed": [],
                    "provider": ""
                },
                "aws_subnet.router.2": {
                    "type": "aws_subnet",
                    "depends_on": [],
                    "primary": {
                        "id": "subnet-475c4923",
                        "attributes": {
                            "availability_zone": "eu-west-1c",
                            "cidr_block": "10.0.50.0/24",
                            "id": "subnet-475c4923",
                            "map_public_ip_on_launch": "false",
                            "tags.%": "1",
                            "tags.Name": "alext-router-subnet-2",
                            "vpc_id": "vpc-33eeee57"
                        },
                        "meta": {},
                        "tainted": false
                    },
                    "deposed": [],
                    "provider": ""
                },
                "data.template_file.elb_access_log_bucket_policy": {
                    "type": "template_file",
                    "depends_on": [],
                    "primary": {
                        "id": "a2e7d788daecf540585d418ad45cd02ec2655d90e4428243c13984220aa13640",
                        "attributes": {
                            "id": "a2e7d788daecf540585d418ad45cd02ec2655d90e4428243c13984220aa13640",
                            "rendered": "{\n  \"Version\": \"2012-10-17\",\n  \"Statement\": [\n    {\n      \"Effect\": \"Allow\",\n      \"Action\": \"s3:PutObject\",\n      \"Resource\": \"arn:aws:s3:::gds-paas-alext-elb-access-log/*/AWSLogs/*/*\",\n      \"Principal\": {\n        \"AWS\": \"arn:aws:iam::156460612806:root\"\n      }\n    }\n  ]\n}\n",
                            "template": "{\n  \"Version\": \"2012-10-17\",\n  \"Statement\": [\n    {\n      \"Effect\": \"Allow\",\n      \"Action\": \"s3:PutObject\",\n      \"Resource\": \"arn:aws:s3:::${bucket_name}/*/AWSLogs/*/*\",\n      \"Principal\": {\n        \"AWS\": \"arn:aws:iam::${principal}:root\"\n      }\n    }\n  ]\n}\n",
                            "vars.%": "2",
                            "vars.bucket_name": "gds-paas-alext-elb-access-log",
                            "vars.principal": "156460612806"
                        },
                        "meta": {},
                        "tainted": false
                    },
                    "deposed": [],
                    "provider": ""
                }
            },
            "depends_on": []
        }
    ]
}
